lockfileVersion: '9.0'

settings:
  autoInstallPeers: true
  excludeLinksFromLockfile: false

importers:

  .:
    dependencies:
      ol:
        specifier: ^10.10.0
        version: 10.10.0
      react:
        specifier: ^19.2.3
        version: 19.3.0
      react-dom:
        specifier: ^19.2.3
        version: 19.3.0(react@19.3.0)
    devDependencies:
      '@module-federation/rsbuild-plugin':
        specifier: ^2.9.1
        version: 2.9.1(@rsbuild/core@2.1.4(@module-federation/runtime-tools@2.9.1))(@rspack/core@2.1.10(@module-federation/runtime-tools@2.9.1)(@swc/helpers@0.5.23))(typescript@5.9.3)
      '@rsbuild/core':
        specifier: 2.1.4
        version: 2.1.4(@module-federation/runtime-tools@2.9.1)
      '@rsbuild/plugin-react':
        specifier: ^2.1.0
        version: 2.1.0(@rsbuild/core@2.1.4(@module-federation/runtime-tools@2.9.1))(@rspack/core@2.1.10(@module-federation/runtime-tools@2.9.1)(@swc/helpers@0.5.23))
      '@types/react':
        specifier: ^19.2.7
        version: 19.3.0
      '@types/react-dom':
        specifier: ^19.2.3
        version: 19.3.0(@types/react@19.3.0)
      typescript:
        specifier: ^5.7.2
        version: 5.9.3

packages:

  '@emnapi/core@1.11.3':
    resolution: {integrity: sha512-zLpS5asjEb7lq8jYLq37N6XKaE41DIexlY1rF/z4/tIl3wo13Sqm28fRyfIsKZD+NZ8mM5RoKkpW/rBcuoSZSg==}

  '@emnapi/runtime@1.11.3':
    resolution: {integrity: sha512-Xz4Tpyki7XyrpbUK1jR1AhdAdaXyhhY4lZ3neLodmhpuWfy2PAQN5B46sAiU4liOXGLkHypn/qU+jvfWSCYYLA==}

  '@emnapi/wasi-threads@1.2.3':
    resolution: {integrity: sha512-ELEBe8PsLvvJ6QMr0zLt8ffvOHW/dc1m3CEzNMg7aJUv3bMaoDtw2TXyDAwkYBuroxxuHEwhRTLJSe5sya547g==}

  '@module-federation/bridge-react-webpack-plugin@2.9.1':
    resolution: {integrity: sha512-jK5ClrFwkPuSxcR1LLOvW2eMVjtu/UbOjosan3lOJRaw+eTebYCOovsai/bsKRbV450zUIX5XTizeAXbI4GB4Q==}

  '@module-federation/cli@2.9.1':
    resolution: {integrity: sha512-QNFSsSw8tfgS5aJSUWdMtBPE1INMI9EBfDMteCHxuwISsy/qqc+ULRU+aTaR5woTo4tYmmSgxM7otx8Md1W8Pg==}
    engines: {node: '>=16.0.0'}
    hasBin: true

  '@module-federation/dts-plugin@2.9.1':
    resolution: {integrity: sha512-OnJQNRrjUfI1UJu+rIUzC0jl2uQcpRp/hIbMLZChSleFLlYpvvMzu/s33E7oiST421HAg9gilgYLj1WAn1SSOw==}
    peerDependencies:
      typescript: ^4.9.0 || ^5.0.0 || ^6.0.0 || ^7.0.0
      vue-tsc: '>=1.0.24'
    peerDependenciesMeta:
      vue-tsc:
        optional: true

  '@module-federation/enhanced@2.9.1':
    resolution: {integrity: sha512-Y5zuDT04bDWTkIxtHv7joC1YiJ3YkUeFgzxY0Z/EqX09rQwGsno/aUjmolIpC3N2R2pvnLVwDGYkvainBzxM0Q==}
    hasBin: true
    peerDependencies:
      typescript: ^4.9.0 || ^5.0.0 || ^6.0.0 || ^7.0.0
      vue-tsc: '>=1.0.24'
      webpack: ^5.0.0
    peerDependenciesMeta:
      typescript:
        optional: true
      vue-tsc:
        optional: true
      webpack:
        optional: true

  '@module-federation/error-codes@2.9.1':
    resolution: {integrity: sha512-5lqrIZTeMiKdn4uuX/+X8uN/4C0yqI8P3WO42DNRR7B9gCA4HMDCHrrxU8odQup9bzRsN5TJSz3av6d2iNmPgA==}

  '@module-federation/inject-external-runtime-core-plugin@2.9.1':
    resolution: {integrity: sha512-q6JtUp/IVlvufEyhMqD6cZLrNvTsGAaR6aMFktwyOQdjFYsEUE1wuIi7x0JyfTMNbwsKdo8KQTCp+R7kfJsUQA==}
    peerDependencies:
      '@module-federation/runtime-tools': 2.9.1

  '@module-federation/managers@2.9.1':
    resolution: {integrity: sha512-X20XDvkTbClfG8Ig0VQW2GcUCzLAopb7fxdrVyk3kqLVeB6fLoNLhzA8K/S5xhnkeY7YhrOxZBujMnK5wETxtA==}

  '@module-federation/manifest@2.9.1':
    resolution: {integrity: sha512-pjI1QB6D1lYA6zsa/5cNZmtG7wMI/BlzAujlKaj69ZGkehgYnmWAm0a/puq3HISNXz9Zho6c+TAWhEuxpDl4LA==}

  '@module-federation/node@2.7.51':
    resolution: {integrity: sha512-xBSy+n2dXq7oVLvuYi6C++XAN5zK32ldma1KE/CcaFL0Y2hK7LjSQs2tnzFWrcl8q6EOf02UmPN1GwL6UFOyDQ==}
    peerDependencies:
      webpack: ^5.40.0
    peerDependenciesMeta:
      webpack:
        optional: true

  '@module-federation/rsbuild-plugin@2.9.1':
    resolution: {integrity: sha512-UmWzb2QcbM088T6UvLvdPctiQwn+nLRGy6WW8hnjs8YGGlEAIQAVXmvM3vBr8hc+MFasF8PnIKBrPD6m3E1L9g==}
    engines: {node: '>=16.0.0'}
    peerDependencies:
      '@rsbuild/core': ^1.3.21 || ^2.0.0-0
    peerDependenciesMeta:
      '@rsbuild/core':
        optional: true

  '@module-federation/rspack@2.9.1':
    resolution: {integrity: sha512-kKG9HX1D8prXFH7+UqBKt6/0NK95xrklsEfVehX+n7gPhnJPAYCJkONRYZcjLsx59Eb7Bo4eCBcHSsF7LG6bUg==}
    peerDependencies:
      '@rspack/core': ^0.7.0 || ^1.0.0 || ^2.0.0-0
      typescript: ^4.9.0 || ^5.0.0 || ^6.0.0 || ^7.0.0
      vue-tsc: '>=1.0.24'
    peerDependenciesMeta:
      typescript:
        optional: true
      vue-tsc:
        optional: true

  '@module-federation/runtime-core@2.9.1':
    resolution: {integrity: sha512-HMdsiTQoWqOXFr9Boki+U99piC00C7GLBZN05t+sXcutHq99oXZ8ONjvPL/h2pu7VAuPXgCjuCE3iqUQXv54EQ==}

  '@module-federation/runtime-tools@2.9.1':
    resolution: {integrity: sha512-K5aYbnSY585RU/pb1Bb+m4cRtqq4KFPiGzxXC6hNgalN8Ny2EVFrDz6rd/uNfomtXfriPEre8W7WHb/Q7DOu8g==}

  '@module-federation/runtime@2.9.1':
    resolution: {integrity: sha512-dRCy2HpUinPnk2b6GB/R6t2iJTHkSFGv83sbrEKylXkR2ATH0V47WpUdoNsZCEUOTQlAIHwZzDCVocA5FbcsBA==}

  '@module-federation/sdk@2.9.1':
    resolution: {integrity: sha512-JneBWSHr9ZCZHa5geNUleVK2vBTugWXLIXlV72UAhgHm1cTMYKZljnhRSX59n7Xssz4Yk+m+W3rYg6Eb4ouL8w==}

  '@module-federation/third-party-dts-extractor@2.9.1':
    resolution: {integrity: sha512-8H3/SWPD93EHmLG0F30J0ihsGI+LpCT7xdc6YXQWX+1lkgzwJoWTwm4j+LMQRP+1OtSxrpEW5ebcKqKeTZ2B+Q==}

  '@module-federation/webpack-bundler-runtime@2.9.1':
    resolution: {integrity: sha512-to/dxVd+N/tDQIOurIijTW3qr9Y8IRuMun1dyDm+0PTLOzKQ1Xid6qnAFsiNhZjK8HCOBlgjJuii7rwoZ90Z9w==}

  '@napi-rs/wasm-runtime@1.1.6':
    resolution: {integrity: sha512-ZLv/JdUfkvOy9eCnnBaGfiO+XimbjebAeO+MRQqD/B+FR1tnRN0tpKSJHRbE8sFfS6aqsXZ67TQjfwfsxULVbg==}
    peerDependencies:
      '@emnapi/core': ^1.7.1
      '@emnapi/runtime': ^1.7.1

  '@petamoriken/float16@3.9.3':
    resolution: {integrity: sha512-8awtpHXCx/bNpFt4mt2xdkgtgVvKqty8VbjHI/WWWQuEw+KLzFot3f4+LkQY9YmOtq7A5GdOnqoIC8Pdygjk2g==}

  '@rsbuild/core@2.1.4':
    resolution: {integrity: sha512-kdubx/qB6tXduCdqaW78OULLZJ3ludpuA4mOkDko18THsI1rUy9U34DsaDSnotE8GAvTeme+FX9MnqLEUlg8kQ==}
    engines: {node: ^20.19.0 || >=22.12.0}
    hasBin: true
    peerDependencies:
      core-js: '>= 3.0.0'
    peerDependenciesMeta:
      core-js:
        optional: true

  '@rsbuild/plugin-react@2.1.0':
    resolution: {integrity: sha512-RQTIAWB/CwPjoWt9iAl+8HixeQVgZ7kEIBrWPCixfITyHdiD84h0YpUTpEUuz6kGHw1KXT9mHZ3Rwy6WG7aRDA==}
    peerDependencies:
      '@rsbuild/core': ^2.0.0
    peerDependenciesMeta:
      '@rsbuild/core':
        optional: true

  '@rspack/binding-darwin-arm64@2.1.10':
    resolution: {integrity: sha512-DZlcTpbIb2mjeS1aSG4k01UH33Zj7T+k8ZylPK6HmsKs4JvK4wgpWFC78WVv3p/Aj3MZS6DwtDLwpZ2Ihj/fpg==}
    cpu: [arm64]
    os: [darwin]

  '@rspack/binding-darwin-x64@2.1.10':
    resolution: {integrity: sha512-my/0h2LwxCRT6cg3oDDC2e0ZOxQLVajAdIcv0fqnQk5JRNvVuL89PuTutitnSqie1A0/JSL8OQz5XHwmoS3kow==}
    cpu: [x64]
    os: [darwin]

  '@rspack/binding-linux-arm64-gnu@2.1.10':
    resolution: {integrity: sha512-laevn9g+E5PAUEGqiKe6Ju5KApsuQYp+bPI17XS3Lkl8eqL5pS/BmHYU7QMlst4GzV8+wlruVTMh//+st6Vqzg==}
    cpu: [arm64]
    os: [linux]
    libc: [glibc]

  '@rspack/binding-linux-arm64-musl@2.1.10':
    resolution: {integrity: sha512-V71+Qz5G72+ROZXrJn5zxOszdG1AEbO8pcC/itXXtf4yRR6a3bVHKNKGhipBNxb8eI6cnD/01FH1h3ZG655jLw==}
    cpu: [arm64]
    os: [linux]
    libc: [musl]

  '@rspack/binding-linux-ppc64-gnu@2.1.10':
    resolution: {integrity: sha512-U7HlNzHcDtZ+LYOtOJmtx67kHEybZzUUAaP7aEXjGYO5WTCgh/176sW2UYP0rmZLrgUNFUuzn+B98RLaClNaVg==}
    cpu: [ppc64]
    os: [linux]
    libc: [glibc]

  '@rspack/binding-linux-riscv64-gnu@2.1.10':
    resolution: {integrity: sha512-GMGTJpy9/ecE+5F5IfxZH4bXv0Wx/b2TiehTlCbTksbL+pKpLHYy0rwGdjWDKbmBkhxMMqPiC7PDnn9LbdnnLA==}
    cpu: [riscv64]
    os: [linux]
    libc: [glibc]

  '@rspack/binding-linux-riscv64-musl@2.1.10':
    resolution: {integrity: sha512-rkurnAWc04vIbzG1QCrPBWSJadZvaOt1mazFH3EdiJO8VUiu0I1T9zdiwuDOPrd50lOKIZlcTXbd5aaAkWEnvQ==}
    cpu: [riscv64]
    os: [linux]
    libc: [musl]

  '@rspack/binding-linux-s390x-gnu@2.1.10':
    resolution: {integrity: sha512-X+DyxkriZEAF/wihI7ERDv+CAS0mbMv36aEuQ+vXzTlvS6cSmpou/r29AHbvIF3NlG1UeAbDVlOs9QrMBZjpUQ==}
    cpu: [s390x]
    os: [linux]
    libc: [glibc]

  '@rspack/binding-linux-x64-gnu@2.1.10':
    resolution: {integrity: sha512-Fat09V6jUuyo9qG7Wyj9cQ31VDfLmokXyBtGqKxY5OvSWHereB7QUub5btbPXHwbp6Iq4aAQyUbbLTzvR1YaBw==}
    cpu: [x64]
    os: [linux]
    libc: [glibc]

  '@rspack/binding-linux-x64-musl@2.1.10':
    resolution: {integrity: sha512-lhHOnIJ4ClpIlA1f1L8aoxEZivYLjnjq5A6jKKz7BKsm+cHK8kqqEm6lO5KqA5xQT0Lonq1o28bmKHEj6JHInw==}
    cpu: [x64]
    os: [linux]
    libc: [musl]

  '@rspack/binding-wasm32-wasi@2.1.10':
    resolution: {integrity: sha512-KY5YbWbuvYcoaLXnV+vzZOvGRCeb6jt4EpVpKdph1h1IJjwX/ju15EQ+GOe3iecZEdf0OttQcNVcwBkLkFT9ag==}
    cpu: [wasm32]

  '@rspack/binding-win32-arm64-msvc@2.1.10':
    resolution: {integrity: sha512-z4GWzMLofaDGpAt9Z+MlN88LlUBDm+zM6R2GdOOPM6/4g/h3/+47OP7casmSL3AwTGYBEJqogwt08sRSosB6Cg==}
    cpu: [arm64]
    os: [win32]

  '@rspack/binding-win32-ia32-msvc@2.1.10':
    resolution: {integrity: sha512-7qcWdsZ+GuGtzKjqgy7wTN7Dso/ezIY8yhx1r2yIbcczdmXj4FhaEampMDp/25HwtKwIGBBoh6HHSt3JWxpTUg==}
    cpu: [ia32]
    os: [win32]

  '@rspack/binding-win32-x64-msvc@2.1.10':
    resolution: {integrity: sha512-pgp23pLrzfhGnKycxzr7ifP17lAbWZEfnx1bX8gXtYrnpJ66DRNyTKSzxB6sa/HBWjS1L8PX5TjMZ44WfPydqQ==}
    cpu: [x64]
    os: [win32]

  '@rspack/binding@2.1.10':
    resolution: {integrity: sha512-vnu/UP5HnrND15lO9+VeG6eUrbTyycHNQNQ3XEiRiFojuoiGZkIZC3Hbzr8qQH44C6vScPODEPvvIVvLcO2LpQ==}

  '@rspack/core@2.1.10':
    resolution: {integrity: sha512-YSS2/Xxz8uiG/KXDkqOoA3dTetNo/vysk7bAexQOrU8iuq7JuzDTTAwLKvWZnwmvME8M8m5wcM4YvfIwYmidHA==}
    engines: {node: ^20.19.0 || >=22.12.0}
    peerDependencies:
      '@module-federation/runtime-tools': ^0.24.1 || ^2.0.0
      '@swc/helpers': ^0.5.23
    peerDependenciesMeta:
      '@module-federation/runtime-tools':
        optional: true
      '@swc/helpers':
        optional: true

  '@rspack/plugin-react-refresh@2.0.2':
    resolution: {integrity: sha512-dGNZiCxQxgAUI9sah7gd8u+O7OJZRCmqtEJNDOd8xW5RqcieC86F7p5qcShyw6onH5pKf57evpr2VjGbaFGkZg==}
    peerDependencies:
      '@rspack/core': ^2.0.0
      react-refresh: '>=0.10.0 <1.0.0'
    peerDependenciesMeta:
      '@rspack/core':
        optional: true

  '@swc/helpers@0.5.23':
    resolution: {integrity: sha512-5lSsMOTXURePglDfvuAQUqkGek9Hg2kksOYay2m0+XR++b2NWYL/4sWyuvVBIs8oKnJaxkdi9whaL/sqN13afw==}

  '@tybys/wasm-util@0.10.4':
    resolution: {integrity: sha512-W3c4gRigFS0T/Ma4qIYF3GDAc5AQdHb1yL5znJT1Zv1YaD9Kitx656wBjvr19qbiosmZT8lWDM5BEMynUqX65A==}

  '@types/json-schema@7.0.15':
    resolution: {integrity: sha512-5+fP8P8MFNC+AyZCDxrB2pkZFPGzqQWUzpSeuuVLvm8VMcorNYavBqoFcxK8bQz4Qsbn4oUEEem4wDLfcysGHA==}

  '@types/rbush@4.0.0':
    resolution: {integrity: sha512-+N+2H39P8X+Hy1I5mC6awlTX54k3FhiUmvt7HWzGJZvF+syUAAxP/stwppS8JE84YHqFgRMv6fCy31202CMFxQ==}

  '@types/react-dom@19.3.0':
    resolution: {integrity: sha512-ZI7bU42mZXXKHn/qNLEw2IrbiINU7X5+vfgdixBHkCNpYWXjKgfQ/P+uyGb5CjOLB9UcnTeg3rylQtV2hym44Q==}
    peerDependencies:
      '@types/react': ^19.3.0

  '@types/react@19.3.0':
    resolution: {integrity: sha512-N0rFCuH9YoxG9/m61l9MfpJKfmLOVU0em7ipIz6TRgSSkvReLB9vL85GB+yr8Bs5leqpvg96JSwF4ZS1s4viQg==}

  '@zarrita/storage@0.2.0':
    resolution: {integrity: sha512-855ZXqtnds7spnT8vNvD+MXa3QExP1m2GqShe8yt7uZXHnQLgJHgkpVwFjE1B0KDDRO0ki09hmk6OboTaIfPsQ==}

  adm-zip@0.6.0:
    resolution: {integrity: sha512-XleryMhbuksdKtofnWZ9Sk+4CUTbms4Mb/EU32SZwToAyZ5RgVos/ki8n+yr0LWHOGKuakbXTuuYNHLQjhddgg==}
    engines: {node: '>=14.0'}

  ajv-formats@2.1.1:
    resolution: {integrity: sha512-Wx0Kx52hxE7C18hkMEggYlEifqWZtYaRgouJor+WMdPnQyEK13vgEWyVNup7SoeeoLMsr4kf5h6dOW11I15MUA==}
    peerDependencies:
      ajv: ^8.0.0
    peerDependenciesMeta:
      ajv:
        optional: true

  ajv-keywords@5.1.0:
    resolution: {integrity: sha512-YCS/JNFAUyr5vAuhk1DWm1CBxRHW9LbJ2ozWeemrIqpbsqKjHVxYPyi5GC0rjZIT5JxJ3virVTS8wk4i/Z+krw==}
    peerDependencies:
      ajv: ^8.8.2

  ajv@8.20.0:
    resolution: {integrity: sha512-Thbli+OlOj+iMPYFBVBfJ3OmCAnaSyNn4M1vz9T6Gka5Jt9ba/HIR56joy65tY6kx/FCF5VXNB819Y7/GUrBGA==}

  commander@11.1.0:
    resolution: {integrity: sha512-yPVavfyCcRhmorC7rWlkHn15b4wDVgVmBA7kV4QVBsF7kv/9TKJAbAXVTxvTnwP8HHKjRCJDClKbciiYS7p0DQ==}
    engines: {node: '>=16'}

  csstype@3.2.3:
    resolution: {integrity: sha512-z1HGKcYy2xA8AGQfwrn0PAy+PB7X/GSj3UVJW9qKyn43xWa+gl5nXmU4qqLMRzWVLFC8KusUX8T/0kCiOYpAIQ==}

  earcut@3.2.3:
    resolution: {integrity: sha512-vnS4AVwp1KHAF13i1vp1/2D5evWy3k5u/iW/B81QVsUZtV8cv2tU0b2VNFlqvh4kYwrFMDdjPCfAmfyJW9y14Q==}

  encoding@0.1.13:
    resolution: {integrity: sha512-ETBauow1T35Y/WZMkio9jiM0Z5xjHHmJ4XmjZOq1l/dXz3lr2sRn87nJy20RupqSh1F2m3HHPSp8ShIPQJrJ3A==}

  fast-deep-equal@3.1.3:
    resolution: {integrity: sha512-f3qQ9oQy9j2AhBe/H9VC91wLmKBCCU/gDOnKNAYG5hswO7BLKj09Hc5HYNz9cGI++xlpDCIgDaitVs03ATR84Q==}

  fast-uri@3.1.8:
    resolution: {integrity: sha512-GZMtZUTNRpOVIECoXwLNZS5xUGE+mVNbTB8h/7Rwh2TFWcBQiPzTgyZi05BF9UMZKkLJv8XBRJTlU7zg8+ZfMg==}

  fflate@0.8.3:
    resolution: {integrity: sha512-tbZNuJrLwGUp3zshBtdy4W+ORxZuIh8a5ilyIEQDC5rY1f3U20JMry0Ll3WBzU58EZKsEuJFXhb5gwv8CsPvgA==}

  geotiff@3.1.0-beta.0:
    resolution: {integrity: sha512-wbVwOaQYuN+ywly5NoMXn37nHslwkQg5EFHqMeUTtjDACrSag0EEVlFsc+2DK3Pzmmp6XzJW2RTZOamPsBM6ng==}
    engines: {node: '>=10.19'}

  iconv-lite@0.6.3:
    resolution: {integrity: sha512-4fCk79wshMdzMp2rH06qWrJE4iolqLhCUH+OiuIgU++RB0+94NlDL81atO7GX55uUKueo0txHNtvEyI6D7WdMw==}
    engines: {node: '>=0.10.0'}

  isomorphic-ws@5.0.0:
    resolution: {integrity: sha512-muId7Zzn9ywDsyXgTIafTry2sV3nySZeUDe6YedVd1Hvuuep5AsIlqK+XefWpYTyJG5e503F2xIuT2lcU6rCSw==}
    peerDependencies:
      ws: '*'

  jiti@2.4.2:
    resolution: {integrity: sha512-rg9zJN+G4n2nfJl5MW3BMygZX56zKPNVEYYqq7adpmMh4Jn2QNEwhvQlFy6jPVdcod7txZtKHWnyZiA3a0zP7A==}
    hasBin: true

  json-schema-traverse@1.0.0:
    resolution: {integrity: sha512-NM8/P9n3XjXhIZn1lLhkFaACTOURQXjWhV4BA/RnOv8xvgqtqpAX9IO4mRQxSx1Rlo4tqzeqb0sOlruaOy3dug==}

  lerc@3.0.0:
    resolution: {integrity: sha512-Rm4J/WaHhRa93nCN2mwWDZFoRVF18G1f47C+kvQWyHGEZxFpTUi73p7lMVSAndyxGt6lJ2/CFbOcf9ra5p8aww==}

  node-fetch@2.7.0:
    resolution: {integrity: sha512-c4FRfUm/dbcWZ7U+1Wq0AwCyFL+3nt2bEw05wfxSz+DWpWsitgmSgYmy2dQdWyKC1694ELPqMs/YzUSNozLt8A==}
    engines: {node: 4.x || >=6.0.0}
    peerDependencies:
      encoding: ^0.1.0
    peerDependenciesMeta:
      encoding:
        optional: true

  numcodecs@0.3.2:
    resolution: {integrity: sha512-6YSPnmZgg0P87jnNhi3s+FVLOcIn3y+1CTIgUulA3IdASzK9fJM87sUFkpyA+be9GibGRaST2wCgkD+6U+fWKw==}

  ol@10.10.0:
    resolution: {integrity: sha512-tLPKn6zl+6uWdPufYlqG/lQzuVUTVmfwahQqVr5+wZNyZecyAtIhMTyOtKpu7ooNDLY2sEjKZNXw9HL+sOjC1A==}

  pako@2.2.0:
    resolution: {integrity: sha512-zJq6RP/5q+TO2OpFV3FHzlPnFjmkb7Nc99a5SNjJE+uu/PkpChs+NIZSSzbBoD+6kjiISXjfYdwj1ZRQ81dz/w==}

  parse-headers@2.0.6:
    resolution: {integrity: sha512-Tz11t3uKztEW5FEVZnj1ox8GKblWn+PvHY9TmJV5Mll2uHEwRdR/5Li1OlXoECjLYkApdhWy44ocONwXLiKO5A==}

  pbf@5.1.2:
    resolution: {integrity: sha512-mnvGdvOrIvJOBGUEdGkrVXjN8E/VkIJCkf2eS1DH2yv82ORUlLttmDt0rWY38yYZmVwciZwBUvHM20qxBZf40w==}
    hasBin: true

  protocol-buffers-schema@3.6.1:
    resolution: {integrity: sha512-VG2K63Igkiv9p76tk1lilczEK1cT+kCjKtkdhw1dQZV3k3IXJbd3o6Ho8b9zJZaHSnT2hKe4I+ObmX9w6m5SmQ==}

  quick-lru@6.1.2:
    resolution: {integrity: sha512-AAFUA5O1d83pIHEhJwWCq/RQcRukCkn/NSm2QsTEMle5f2hP0ChI2+3Xb051PZCkLryI/Ir1MVKviT2FIloaTQ==}
    engines: {node: '>=12'}

  quickselect@3.0.0:
    resolution: {integrity: sha512-XdjUArbK4Bm5fLLvlm5KpTFOiOThgfWWI4axAZDWg4E/0mKdZyI9tNEfds27qCi1ze/vwTR16kvmmGhRra3c2g==}

  rbush@4.0.1:
    resolution: {integrity: sha512-IP0UpfeWQujYC8Jg162rMNc01Rf0gWMMAb2Uxus/Q0qOFw4lCcq6ZnQEZwUoJqWyUGJ9th7JjwI4yIWo+uvoAQ==}

  react-dom@19.3.0:
    resolution: {integrity: sha512-JDk8dgif51OjFoDE70+OT9ICyYr+69HlmihNwp1+Nsfbna3t5sIiCa9ZJktDmQ4/1b/rn26hIAR2uYXDMr5r0Q==}
    peerDependencies:
      react: ^19.3.0

  react-refresh@0.18.0:
    resolution: {integrity: sha512-QgT5//D3jfjJb6Gsjxv0Slpj23ip+HtOpnNgnb2S5zU3CB26G/IDPGoy4RJB42wzFE46DRsstbW6tKHoKbhAxw==}
    engines: {node: '>=0.10.0'}

  react@19.3.0:
    resolution: {integrity: sha512-E8LUcbtBWt20bbl2YoHfx4ZDBdxVTfOKtCZn9cDSJ4l6/nuoApcpIBcj47t2wZoVX8g2ZHuMHbiShgCR1T5Sog==}
    engines: {node: '>=0.10.0'}

  reference-spec-reader@0.2.0:
    resolution: {integrity: sha512-q0mfCi5yZSSHXpCyxjgQeaORq3tvDsxDyzaadA/5+AbAUwRyRuuTh0aRQuE/vAOt/qzzxidJ5iDeu1cLHaNBlQ==}

  require-from-string@2.0.2:
    resolution: {integrity: sha512-Xf0nWe6RseziFMu+Ap9biiUbmplq6S9/p+7w7YXP/JBHhrUDDUhwa+vANyubuqfZWTveU//DYVGsDG7RKL/vEw==}
    engines: {node: '>=0.10.0'}

  resolve-protobuf-schema@2.1.0:
    resolution: {integrity: sha512-kI5ffTiZWmJaS/huM8wZfEMer1eRd7oJQhDuxeCLe3t7N7mX3z94CN0xPxBQxFYQTSNz9T0i+v6inKqSdK8xrQ==}

  safer-buffer@2.1.2:
    resolution: {integrity: sha512-YZo3K82SD7Riyi0E1EQPojLz7kpepnSQI9IyPbHHg1XXXevb5dJI7tpyN2ADxGcQbHG7vcyRHk0cbwqcQriUtg==}

  scheduler@0.28.0:
    resolution: {integrity: sha512-juorfCmIkIw8tT+p5BXSm6PJjQF/ycEYmKyzURCIt/RaZIhL+PulbQ9Yu2z1HdOJDdqDTlxA1+xKBmHXJsczAw==}

  schema-utils@4.3.0:
    resolution: {integrity: sha512-Gf9qqc58SpCA/xdziiHz35F4GNIWYWZrEshUc/G/r5BnLph6xpKuLeoJoQuj5WfBIx/eQLf+hmVPYHaxJu7V2g==}
    engines: {node: '>= 10.13.0'}

  tapable@2.3.0:
    resolution: {integrity: sha512-g9ljZiwki/LfxmQADO3dEY1CbpmXT5Hm2fJ+QaGKwSXUylMybePR7/67YW7jOrrvjEgL1Fmz5kzyAjWVWLlucg==}
    engines: {node: '>=6'}

  tr46@0.0.3:
    resolution: {integrity: sha512-N3WMsuqV66lT30CrXNbEjx4GEwlow3v6rr4mCcv6prnfwhS01rkgyFdjPNBYd9br7LpXV1+Emh01fHnq2Gdgrw==}

  tslib@2.8.1:
    resolution: {integrity: sha512-oJFu94HQb+KVduSUQL7wnpmqnfmLsOA/nAh6b6EH0wCEoK0/mPeXU6c3wKDV83MkOuHPRHtSXKKU99IBazS/2w==}

  typescript@5.9.3:
    resolution: {integrity: sha512-jl1vZzPDinLr9eUt3J/t7V6FgNEw9QjvBPdysz9KfQDD41fQrC2Y4vKQdiaUpFT4bXlb1RHhLpp8wtm6M5TgSw==}
    engines: {node: '>=14.17'}
    hasBin: true

  undici@7.29.0:
    resolution: {integrity: sha512-IDxfleLmmbSskfWSUATiN1nfn2rDuvnMOqb5CWR92iIfojA0Ud+ulOAAEQ57LPr9rWmsreUyf5lwyao+7GNNVw==}
    engines: {node: '>=20.18.1'}

  unzipit@2.0.0:
    resolution: {integrity: sha512-DVeVIWUZCAQPNzm5sB0hpsG1GygTTdBnzNtYYEpInkttx5evkyqRgZi6rTczoySqp8hO5jHVKzrH0f23X8FZLg==}
    engines: {node: '>=18'}

  web-worker@1.5.0:
    resolution: {integrity: sha512-RiMReJrTAiA+mBjGONMnjVDP2u3p9R1vkcGz6gDIrOMT3oGuYwX2WRMYI9ipkphSuE5XKEhydbhNEJh4NY9mlw==}

  webidl-conversions@3.0.1:
    resolution: {integrity: sha512-2JAn3z8AR6rjK8Sm8orRC0h/bcl/DqL7tRPdGZ4I1CjdF+EaMLmYxBHyXuKL849eucPFhvBoxMsflfOb8kxaeQ==}

  whatwg-url@5.0.0:
    resolution: {integrity: sha512-saE57nupxk6v3HY35+jzBwYa0rKSy0XR8JSxZPwgLr7ys0IBzhGviA1/TUGJLmSVqs8pb9AnvICXEuOHLprYTw==}

  ws@8.21.3:
    resolution: {integrity: sha512-201TZ/kPWxoPr/OKWjquZR1SWKXcvxdH+e1xrx89b3YbmzLMFCLfnaG1HFIgWzJOEWZ7MvpK++odZufgYR50Rw==}
    engines: {node: '>=10.0.0'}
    peerDependencies:
      bufferutil: ^4.0.1
      utf-8-validate: '>=5.0.2'
    peerDependenciesMeta:
      bufferutil:
        optional: true
      utf-8-validate:
        optional: true

  xml-utils@1.10.2:
    resolution: {integrity: sha512-RqM+2o1RYs6T8+3DzDSoTRAUfrvaejbVHcp3+thnAtDKo8LskR+HomLajEy5UjTz24rpka7AxVBRR3g2wTUkJA==}

  zarrita@0.7.5:
    resolution: {integrity: sha512-ZriOSEne+Wf2iuM0yjDZvUKpHNlug3dO7qJ6mAxXoOgsYV18DPOkAkwB9e0rf21bHcKcOffFuwoZwn5g6pvUeA==}

  zstddec@0.2.0:
    resolution: {integrity: sha512-oyPnDa1X5c13+Y7mA/FDMNJrn4S8UNBe0KCqtDmor40Re7ALrPN6npFwyYVRRh+PqozZQdeg23QtbcamZnG5rA==}

snapshots:

  '@emnapi/core@1.11.3':
    dependencies:
      '@emnapi/wasi-threads': 1.2.3
      tslib: 2.8.1
    optional: true

  '@emnapi/runtime@1.11.3':
    dependencies:
      tslib: 2.8.1
    optional: true

  '@emnapi/wasi-threads@1.2.3':
    dependencies:
      tslib: 2.8.1
    optional: true

  '@module-federation/bridge-react-webpack-plugin@2.9.1':
    dependencies:
      '@module-federation/sdk': 2.9.1

  '@module-federation/cli@2.9.1(typescript@5.9.3)':
    dependencies:
      '@module-federation/dts-plugin': 2.9.1(typescript@5.9.3)
      '@module-federation/sdk': 2.9.1
      commander: 11.1.0
      jiti: 2.4.2
    transitivePeerDependencies:
      - bufferutil
      - typescript
      - utf-8-validate
      - vue-tsc

  '@module-federation/dts-plugin@2.9.1(typescript@5.9.3)':
    dependencies:
      '@module-federation/error-codes': 2.9.1
      '@module-federation/managers': 2.9.1
      '@module-federation/sdk': 2.9.1
      '@module-federation/third-party-dts-extractor': 2.9.1
      adm-zip: 0.6.0
      isomorphic-ws: 5.0.0(ws@8.21.3)
      typescript: 5.9.3
      undici: 7.29.0
      ws: 8.21.3
    transitivePeerDependencies:
      - bufferutil
      - utf-8-validate

  '@module-federation/enhanced@2.9.1(@rspack/core@2.1.10(@module-federation/runtime-tools@2.9.1)(@swc/helpers@0.5.23))(typescript@5.9.3)':
    dependencies:
      '@module-federation/bridge-react-webpack-plugin': 2.9.1
      '@module-federation/cli': 2.9.1(typescript@5.9.3)
      '@module-federation/dts-plugin': 2.9.1(typescript@5.9.3)
      '@module-federation/error-codes': 2.9.1
      '@module-federation/inject-external-runtime-core-plugin': 2.9.1(@module-federation/runtime-tools@2.9.1)
      '@module-federation/managers': 2.9.1
      '@module-federation/manifest': 2.9.1(typescript@5.9.3)
      '@module-federation/rspack': 2.9.1(@rspack/core@2.1.10(@module-federation/runtime-tools@2.9.1)(@swc/helpers@0.5.23))(typescript@5.9.3)
      '@module-federation/runtime-tools': 2.9.1
      '@module-federation/sdk': 2.9.1
      '@module-federation/webpack-bundler-runtime': 2.9.1
      schema-utils: 4.3.0
      tapable: 2.3.0
    optionalDependencies:
      typescript: 5.9.3
    transitivePeerDependencies:
      - '@rspack/core'
      - bufferutil
      - utf-8-validate

  '@module-federation/error-codes@2.9.1': {}

  '@module-federation/inject-external-runtime-core-plugin@2.9.1(@module-federation/runtime-tools@2.9.1)':
    dependencies:
      '@module-federation/runtime-tools': 2.9.1

  '@module-federation/managers@2.9.1':
    dependencies:
      '@module-federation/sdk': 2.9.1

  '@module-federation/manifest@2.9.1(typescript@5.9.3)':
    dependencies:
      '@module-federation/dts-plugin': 2.9.1(typescript@5.9.3)
      '@module-federation/managers': 2.9.1
      '@module-federation/sdk': 2.9.1
    transitivePeerDependencies:
      - bufferutil
      - typescript
      - utf-8-validate
      - vue-tsc

  '@module-federation/node@2.7.51(@rspack/core@2.1.10(@module-federation/runtime-tools@2.9.1)(@swc/helpers@0.5.23))(typescript@5.9.3)':
    dependencies:
      '@module-federation/enhanced': 2.9.1(@rspack/core@2.1.10(@module-federation/runtime-tools@2.9.1)(@swc/helpers@0.5.23))(typescript@5.9.3)
      '@module-federation/runtime': 2.9.1
      '@module-federation/sdk': 2.9.1
      encoding: 0.1.13
      node-fetch: 2.7.0(encoding@0.1.13)
      tapable: 2.3.0
    transitivePeerDependencies:
      - '@rspack/core'
      - bufferutil
      - typescript
      - utf-8-validate
      - vue-tsc

  '@module-federation/rsbuild-plugin@2.9.1(@rsbuild/core@2.1.4(@module-federation/runtime-tools@2.9.1))(@rspack/core@2.1.10(@module-federation/runtime-tools@2.9.1)(@swc/helpers@0.5.23))(typescript@5.9.3)':
    dependencies:
      '@module-federation/enhanced': 2.9.1(@rspack/core@2.1.10(@module-federation/runtime-tools@2.9.1)(@swc/helpers@0.5.23))(typescript@5.9.3)
      '@module-federation/node': 2.7.51(@rspack/core@2.1.10(@module-federation/runtime-tools@2.9.1)(@swc/helpers@0.5.23))(typescript@5.9.3)
      '@module-federation/sdk': 2.9.1
    optionalDependencies:
      '@rsbuild/core': 2.1.4(@module-federation/runtime-tools@2.9.1)
    transitivePeerDependencies:
      - '@rspack/core'
      - bufferutil
      - typescript
      - utf-8-validate
      - vue-tsc
      - webpack

  '@module-federation/rspack@2.9.1(@rspack/core@2.1.10(@module-federation/runtime-tools@2.9.1)(@swc/helpers@0.5.23))(typescript@5.9.3)':
    dependencies:
      '@module-federation/bridge-react-webpack-plugin': 2.9.1
      '@module-federation/dts-plugin': 2.9.1(typescript@5.9.3)
      '@module-federation/inject-external-runtime-core-plugin': 2.9.1(@module-federation/runtime-tools@2.9.1)
      '@module-federation/managers': 2.9.1
      '@module-federation/manifest': 2.9.1(typescript@5.9.3)
      '@module-federation/runtime-tools': 2.9.1
      '@module-federation/sdk': 2.9.1
      '@rspack/core': 2.1.10(@module-federation/runtime-tools@2.9.1)(@swc/helpers@0.5.23)
    optionalDependencies:
      typescript: 5.9.3
    transitivePeerDependencies:
      - bufferutil
      - utf-8-validate

  '@module-federation/runtime-core@2.9.1':
    dependencies:
      '@module-federation/error-codes': 2.9.1
      '@module-federation/sdk': 2.9.1

  '@module-federation/runtime-tools@2.9.1':
    dependencies:
      '@module-federation/runtime': 2.9.1
      '@module-federation/webpack-bundler-runtime': 2.9.1

  '@module-federation/runtime@2.9.1':
    dependencies:
      '@module-federation/error-codes': 2.9.1
      '@module-federation/runtime-core': 2.9.1
      '@module-federation/sdk': 2.9.1

  '@module-federation/sdk@2.9.1': {}

  '@module-federation/third-party-dts-extractor@2.9.1': {}

  '@module-federation/webpack-bundler-runtime@2.9.1':
    dependencies:
      '@module-federation/error-codes': 2.9.1
      '@module-federation/runtime': 2.9.1
      '@module-federation/sdk': 2.9.1

  '@napi-rs/wasm-runtime@1.1.6(@emnapi/core@1.11.3)(@emnapi/runtime@1.11.3)':
    dependencies:
      '@emnapi/core': 1.11.3
      '@emnapi/runtime': 1.11.3
      '@tybys/wasm-util': 0.10.4
    optional: true

  '@petamoriken/float16@3.9.3': {}

  '@rsbuild/core@2.1.4(@module-federation/runtime-tools@2.9.1)':
    dependencies:
      '@rspack/core': 2.1.10(@module-federation/runtime-tools@2.9.1)(@swc/helpers@0.5.23)
      '@swc/helpers': 0.5.23
    transitivePeerDependencies:
      - '@module-federation/runtime-tools'

  '@rsbuild/plugin-react@2.1.0(@rsbuild/core@2.1.4(@module-federation/runtime-tools@2.9.1))(@rspack/core@2.1.10(@module-federation/runtime-tools@2.9.1)(@swc/helpers@0.5.23))':
    dependencies:
      '@rspack/plugin-react-refresh': 2.0.2(@rspack/core@2.1.10(@module-federation/runtime-tools@2.9.1)(@swc/helpers@0.5.23))(react-refresh@0.18.0)
      react-refresh: 0.18.0
    optionalDependencies:
      '@rsbuild/core': 2.1.4(@module-federation/runtime-tools@2.9.1)
    transitivePeerDependencies:
      - '@rspack/core'

  '@rspack/binding-darwin-arm64@2.1.10':
    optional: true

  '@rspack/binding-darwin-x64@2.1.10':
    optional: true

  '@rspack/binding-linux-arm64-gnu@2.1.10':
    optional: true

  '@rspack/binding-linux-arm64-musl@2.1.10':
    optional: true

  '@rspack/binding-linux-ppc64-gnu@2.1.10':
    optional: true

  '@rspack/binding-linux-riscv64-gnu@2.1.10':
    optional: true

  '@rspack/binding-linux-riscv64-musl@2.1.10':
    optional: true

  '@rspack/binding-linux-s390x-gnu@2.1.10':
    optional: true

  '@rspack/binding-linux-x64-gnu@2.1.10':
    optional: true

  '@rspack/binding-linux-x64-musl@2.1.10':
    optional: true

  '@rspack/binding-wasm32-wasi@2.1.10':
    dependencies:
      '@emnapi/core': 1.11.3
      '@emnapi/runtime': 1.11.3
      '@napi-rs/wasm-runtime': 1.1.6(@emnapi/core@1.11.3)(@emnapi/runtime@1.11.3)
    optional: true

  '@rspack/binding-win32-arm64-msvc@2.1.10':
    optional: true

  '@rspack/binding-win32-ia32-msvc@2.1.10':
    optional: true

  '@rspack/binding-win32-x64-msvc@2.1.10':
    optional: true

  '@rspack/binding@2.1.10':
    optionalDependencies:
      '@rspack/binding-darwin-arm64': 2.1.10
      '@rspack/binding-darwin-x64': 2.1.10
      '@rspack/binding-linux-arm64-gnu': 2.1.10
      '@rspack/binding-linux-arm64-musl': 2.1.10
      '@rspack/binding-linux-ppc64-gnu': 2.1.10
      '@rspack/binding-linux-riscv64-gnu': 2.1.10
      '@rspack/binding-linux-riscv64-musl': 2.1.10
      '@rspack/binding-linux-s390x-gnu': 2.1.10
      '@rspack/binding-linux-x64-gnu': 2.1.10
      '@rspack/binding-linux-x64-musl': 2.1.10
      '@rspack/binding-wasm32-wasi': 2.1.10
      '@rspack/binding-win32-arm64-msvc': 2.1.10
      '@rspack/binding-win32-ia32-msvc': 2.1.10
      '@rspack/binding-win32-x64-msvc': 2.1.10

  '@rspack/core@2.1.10(@module-federation/runtime-tools@2.9.1)(@swc/helpers@0.5.23)':
    dependencies:
      '@rspack/binding': 2.1.10
    optionalDependencies:
      '@module-federation/runtime-tools': 2.9.1
      '@swc/helpers': 0.5.23

  '@rspack/plugin-react-refresh@2.0.2(@rspack/core@2.1.10(@module-federation/runtime-tools@2.9.1)(@swc/helpers@0.5.23))(react-refresh@0.18.0)':
    dependencies:
      react-refresh: 0.18.0
    optionalDependencies:
      '@rspack/core': 2.1.10(@module-federation/runtime-tools@2.9.1)(@swc/helpers@0.5.23)

  '@swc/helpers@0.5.23':
    dependencies:
      tslib: 2.8.1

  '@tybys/wasm-util@0.10.4':
    dependencies:
      tslib: 2.8.1
    optional: true

  '@types/json-schema@7.0.15': {}

  '@types/rbush@4.0.0': {}

  '@types/react-dom@19.3.0(@types/react@19.3.0)':
    dependencies:
      '@types/react': 19.3.0

  '@types/react@19.3.0':
    dependencies:
      csstype: 3.2.3

  '@zarrita/storage@0.2.0':
    dependencies:
      reference-spec-reader: 0.2.0
      unzipit: 2.0.0

  adm-zip@0.6.0: {}

  ajv-formats@2.1.1(ajv@8.20.0):
    optionalDependencies:
      ajv: 8.20.0

  ajv-keywords@5.1.0(ajv@8.20.0):
    dependencies:
      ajv: 8.20.0
      fast-deep-equal: 3.1.3

  ajv@8.20.0:
    dependencies:
      fast-deep-equal: 3.1.3
      fast-uri: 3.1.8
      json-schema-traverse: 1.0.0
      require-from-string: 2.0.2

  commander@11.1.0: {}

  csstype@3.2.3: {}

  earcut@3.2.3: {}

  encoding@0.1.13:
    dependencies:
      iconv-lite: 0.6.3

  fast-deep-equal@3.1.3: {}

  fast-uri@3.1.8: {}

  fflate@0.8.3: {}

  geotiff@3.1.0-beta.0:
    dependencies:
      '@petamoriken/float16': 3.9.3
      lerc: 3.0.0
      pako: 2.2.0
      parse-headers: 2.0.6
      quick-lru: 6.1.2
      web-worker: 1.5.0
      xml-utils: 1.10.2
      zstddec: 0.2.0

  iconv-lite@0.6.3:
    dependencies:
      safer-buffer: 2.1.2

  isomorphic-ws@5.0.0(ws@8.21.3):
    dependencies:
      ws: 8.21.3

  jiti@2.4.2: {}

  json-schema-traverse@1.0.0: {}

  lerc@3.0.0: {}

  node-fetch@2.7.0(encoding@0.1.13):
    dependencies:
      whatwg-url: 5.0.0
    optionalDependencies:
      encoding: 0.1.13

  numcodecs@0.3.2:
    dependencies:
      fflate: 0.8.3

  ol@10.10.0:
    dependencies:
      '@types/rbush': 4.0.0
      earcut: 3.2.3
      geotiff: 3.1.0-beta.0
      pbf: 5.1.2
      rbush: 4.0.1
      zarrita: 0.7.5

  pako@2.2.0: {}

  parse-headers@2.0.6: {}

  pbf@5.1.2:
    dependencies:
      resolve-protobuf-schema: 2.1.0

  protocol-buffers-schema@3.6.1: {}

  quick-lru@6.1.2: {}

  quickselect@3.0.0: {}

  rbush@4.0.1:
    dependencies:
      quickselect: 3.0.0

  react-dom@19.3.0(react@19.3.0):
    dependencies:
      react: 19.3.0
      scheduler: 0.28.0

  react-refresh@0.18.0: {}

  react@19.3.0: {}

  reference-spec-reader@0.2.0: {}

  require-from-string@2.0.2: {}

  resolve-protobuf-schema@2.1.0:
    dependencies:
      protocol-buffers-schema: 3.6.1

  safer-buffer@2.1.2: {}

  scheduler@0.28.0: {}

  schema-utils@4.3.0:
    dependencies:
      '@types/json-schema': 7.0.15
      ajv: 8.20.0
      ajv-formats: 2.1.1(ajv@8.20.0)
      ajv-keywords: 5.1.0(ajv@8.20.0)

  tapable@2.3.0: {}

  tr46@0.0.3: {}

  tslib@2.8.1: {}

  typescript@5.9.3: {}

  undici@7.29.0: {}

  unzipit@2.0.0: {}

  web-worker@1.5.0: {}

  webidl-conversions@3.0.1: {}

  whatwg-url@5.0.0:
    dependencies:
      tr46: 0.0.3
      webidl-conversions: 3.0.1

  ws@8.21.3: {}

  xml-utils@1.10.2: {}

  zarrita@0.7.5:
    dependencies:
      '@zarrita/storage': 0.2.0
      numcodecs: 0.3.2

  zstddec@0.2.0: {}
