{
  "name": "remote-rsbuild",
  "version": "1.0.0",
  "lockfileVersion": 3,
  "requires": true,
  "packages": {
    "": {
      "name": "remote-rsbuild",
      "version": "1.0.0",
      "dependencies": {
        "react": "^19.2.3",
        "react-dom": "^19.2.3"
      },
      "devDependencies": {
        "@module-federation/rsbuild-plugin": "^2.9.1",
        "@rsbuild/core": "2.1.4",
        "@rsbuild/plugin-react": "^2.1.0",
        "@types/react": "^19.2.7",
        "@types/react-dom": "^19.2.3",
        "typescript": "^5.7.2"
      }
    },
    "node_modules/@emnapi/core": {
      "version": "1.11.3",
      "resolved": "https://registry.npmjs.org/@emnapi/core/-/core-1.11.3.tgz",
      "integrity": "sha512-zLpS5asjEb7lq8jYLq37N6XKaE41DIexlY1rF/z4/tIl3wo13Sqm28fRyfIsKZD+NZ8mM5RoKkpW/rBcuoSZSg==",
      "dev": true,
      "license": "MIT",
      "optional": true,
      "dependencies": {
        "@emnapi/wasi-threads": "1.2.3",
        "tslib": "^2.4.0"
      }
    },
    "node_modules/@emnapi/runtime": {
      "version": "1.11.3",
      "resolved": "https://registry.npmjs.org/@emnapi/runtime/-/runtime-1.11.3.tgz",
      "integrity": "sha512-Xz4Tpyki7XyrpbUK1jR1AhdAdaXyhhY4lZ3neLodmhpuWfy2PAQN5B46sAiU4liOXGLkHypn/qU+jvfWSCYYLA==",
      "dev": true,
      "license": "MIT",
      "optional": true,
      "dependencies": {
        "tslib": "^2.4.0"
      }
    },
    "node_modules/@emnapi/wasi-threads": {
      "version": "1.2.3",
      "resolved": "https://registry.npmjs.org/@emnapi/wasi-threads/-/wasi-threads-1.2.3.tgz",
      "integrity": "sha512-ELEBe8PsLvvJ6QMr0zLt8ffvOHW/dc1m3CEzNMg7aJUv3bMaoDtw2TXyDAwkYBuroxxuHEwhRTLJSe5sya547g==",
      "dev": true,
      "license": "MIT",
      "optional": true,
      "dependencies": {
        "tslib": "^2.4.0"
      }
    },
    "node_modules/@module-federation/bridge-react-webpack-plugin": {
      "version": "2.9.1",
      "resolved": "https://registry.npmjs.org/@module-federation/bridge-react-webpack-plugin/-/bridge-react-webpack-plugin-2.9.1.tgz",
      "integrity": "sha512-jK5ClrFwkPuSxcR1LLOvW2eMVjtu/UbOjosan3lOJRaw+eTebYCOovsai/bsKRbV450zUIX5XTizeAXbI4GB4Q==",
      "dev": true,
      "license": "MIT",
      "dependencies": {
        "@module-federation/sdk": "2.9.1"
      }
    },
    "node_modules/@module-federation/cli": {
      "version": "2.9.1",
      "resolved": "https://registry.npmjs.org/@module-federation/cli/-/cli-2.9.1.tgz",
      "integrity": "sha512-QNFSsSw8tfgS5aJSUWdMtBPE1INMI9EBfDMteCHxuwISsy/qqc+ULRU+aTaR5woTo4tYmmSgxM7otx8Md1W8Pg==",
      "dev": true,
      "license": "MIT",
      "dependencies": {
        "@module-federation/dts-plugin": "2.9.1",
        "@module-federation/sdk": "2.9.1",
        "commander": "11.1.0",
        "jiti": "2.4.2"
      },
      "bin": {
        "mf": "bin/mf.js"
      },
      "engines": {
        "node": ">=16.0.0"
      }
    },
    "node_modules/@module-federation/dts-plugin": {
      "version": "2.9.1",
      "resolved": "https://registry.npmjs.org/@module-federation/dts-plugin/-/dts-plugin-2.9.1.tgz",
      "integrity": "sha512-OnJQNRrjUfI1UJu+rIUzC0jl2uQcpRp/hIbMLZChSleFLlYpvvMzu/s33E7oiST421HAg9gilgYLj1WAn1SSOw==",
      "dev": true,
      "license": "MIT",
      "dependencies": {
        "@module-federation/error-codes": "2.9.1",
        "@module-federation/managers": "2.9.1",
        "@module-federation/sdk": "2.9.1",
        "@module-federation/third-party-dts-extractor": "2.9.1",
        "adm-zip": "0.6.0",
        "isomorphic-ws": "5.0.0",
        "undici": "7.29.0",
        "ws": "8.21.3"
      },
      "peerDependencies": {
        "typescript": "^4.9.0 || ^5.0.0 || ^6.0.0 || ^7.0.0",
        "vue-tsc": ">=1.0.24"
      },
      "peerDependenciesMeta": {
        "vue-tsc": {
          "optional": true
        }
      }
    },
    "node_modules/@module-federation/enhanced": {
      "version": "2.9.1",
      "resolved": "https://registry.npmjs.org/@module-federation/enhanced/-/enhanced-2.9.1.tgz",
      "integrity": "sha512-Y5zuDT04bDWTkIxtHv7joC1YiJ3YkUeFgzxY0Z/EqX09rQwGsno/aUjmolIpC3N2R2pvnLVwDGYkvainBzxM0Q==",
      "dev": true,
      "license": "MIT",
      "dependencies": {
        "@module-federation/bridge-react-webpack-plugin": "2.9.1",
        "@module-federation/cli": "2.9.1",
        "@module-federation/dts-plugin": "2.9.1",
        "@module-federation/error-codes": "2.9.1",
        "@module-federation/inject-external-runtime-core-plugin": "2.9.1",
        "@module-federation/managers": "2.9.1",
        "@module-federation/manifest": "2.9.1",
        "@module-federation/rspack": "2.9.1",
        "@module-federation/runtime-tools": "2.9.1",
        "@module-federation/sdk": "2.9.1",
        "@module-federation/webpack-bundler-runtime": "2.9.1",
        "schema-utils": "4.3.0",
        "tapable": "2.3.0"
      },
      "bin": {
        "mf": "bin/mf.js"
      },
      "peerDependencies": {
        "typescript": "^4.9.0 || ^5.0.0 || ^6.0.0 || ^7.0.0",
        "vue-tsc": ">=1.0.24",
        "webpack": "^5.0.0"
      },
      "peerDependenciesMeta": {
        "typescript": {
          "optional": true
        },
        "vue-tsc": {
          "optional": true
        },
        "webpack": {
          "optional": true
        }
      }
    },
    "node_modules/@module-federation/error-codes": {
      "version": "2.9.1",
      "resolved": "https://registry.npmjs.org/@module-federation/error-codes/-/error-codes-2.9.1.tgz",
      "integrity": "sha512-5lqrIZTeMiKdn4uuX/+X8uN/4C0yqI8P3WO42DNRR7B9gCA4HMDCHrrxU8odQup9bzRsN5TJSz3av6d2iNmPgA==",
      "dev": true,
      "license": "MIT"
    },
    "node_modules/@module-federation/inject-external-runtime-core-plugin": {
      "version": "2.9.1",
      "resolved": "https://registry.npmjs.org/@module-federation/inject-external-runtime-core-plugin/-/inject-external-runtime-core-plugin-2.9.1.tgz",
      "integrity": "sha512-q6JtUp/IVlvufEyhMqD6cZLrNvTsGAaR6aMFktwyOQdjFYsEUE1wuIi7x0JyfTMNbwsKdo8KQTCp+R7kfJsUQA==",
      "dev": true,
      "license": "MIT",
      "peerDependencies": {
        "@module-federation/runtime-tools": "2.9.1"
      }
    },
    "node_modules/@module-federation/managers": {
      "version": "2.9.1",
      "resolved": "https://registry.npmjs.org/@module-federation/managers/-/managers-2.9.1.tgz",
      "integrity": "sha512-X20XDvkTbClfG8Ig0VQW2GcUCzLAopb7fxdrVyk3kqLVeB6fLoNLhzA8K/S5xhnkeY7YhrOxZBujMnK5wETxtA==",
      "dev": true,
      "license": "MIT",
      "dependencies": {
        "@module-federation/sdk": "2.9.1"
      }
    },
    "node_modules/@module-federation/manifest": {
      "version": "2.9.1",
      "resolved": "https://registry.npmjs.org/@module-federation/manifest/-/manifest-2.9.1.tgz",
      "integrity": "sha512-pjI1QB6D1lYA6zsa/5cNZmtG7wMI/BlzAujlKaj69ZGkehgYnmWAm0a/puq3HISNXz9Zho6c+TAWhEuxpDl4LA==",
      "dev": true,
      "license": "MIT",
      "dependencies": {
        "@module-federation/dts-plugin": "2.9.1",
        "@module-federation/managers": "2.9.1",
        "@module-federation/sdk": "2.9.1"
      }
    },
    "node_modules/@module-federation/node": {
      "version": "2.7.51",
      "resolved": "https://registry.npmjs.org/@module-federation/node/-/node-2.7.51.tgz",
      "integrity": "sha512-xBSy+n2dXq7oVLvuYi6C++XAN5zK32ldma1KE/CcaFL0Y2hK7LjSQs2tnzFWrcl8q6EOf02UmPN1GwL6UFOyDQ==",
      "dev": true,
      "license": "MIT",
      "dependencies": {
        "@module-federation/enhanced": "2.9.1",
        "@module-federation/runtime": "2.9.1",
        "@module-federation/sdk": "2.9.1",
        "encoding": "0.1.13",
        "node-fetch": "2.7.0",
        "tapable": "2.3.0"
      },
      "peerDependencies": {
        "webpack": "^5.40.0"
      },
      "peerDependenciesMeta": {
        "webpack": {
          "optional": true
        }
      }
    },
    "node_modules/@module-federation/rsbuild-plugin": {
      "version": "2.9.1",
      "resolved": "https://registry.npmjs.org/@module-federation/rsbuild-plugin/-/rsbuild-plugin-2.9.1.tgz",
      "integrity": "sha512-UmWzb2QcbM088T6UvLvdPctiQwn+nLRGy6WW8hnjs8YGGlEAIQAVXmvM3vBr8hc+MFasF8PnIKBrPD6m3E1L9g==",
      "dev": true,
      "license": "MIT",
      "dependencies": {
        "@module-federation/enhanced": "2.9.1",
        "@module-federation/node": "2.7.51",
        "@module-federation/sdk": "2.9.1"
      },
      "engines": {
        "node": ">=16.0.0"
      },
      "peerDependencies": {
        "@rsbuild/core": "^1.3.21 || ^2.0.0-0"
      },
      "peerDependenciesMeta": {
        "@rsbuild/core": {
          "optional": true
        }
      }
    },
    "node_modules/@module-federation/rspack": {
      "version": "2.9.1",
      "resolved": "https://registry.npmjs.org/@module-federation/rspack/-/rspack-2.9.1.tgz",
      "integrity": "sha512-kKG9HX1D8prXFH7+UqBKt6/0NK95xrklsEfVehX+n7gPhnJPAYCJkONRYZcjLsx59Eb7Bo4eCBcHSsF7LG6bUg==",
      "dev": true,
      "license": "MIT",
      "dependencies": {
        "@module-federation/bridge-react-webpack-plugin": "2.9.1",
        "@module-federation/dts-plugin": "2.9.1",
        "@module-federation/inject-external-runtime-core-plugin": "2.9.1",
        "@module-federation/managers": "2.9.1",
        "@module-federation/manifest": "2.9.1",
        "@module-federation/runtime-tools": "2.9.1",
        "@module-federation/sdk": "2.9.1"
      },
      "peerDependencies": {
        "@rspack/core": "^0.7.0 || ^1.0.0 || ^2.0.0-0",
        "typescript": "^4.9.0 || ^5.0.0 || ^6.0.0 || ^7.0.0",
        "vue-tsc": ">=1.0.24"
      },
      "peerDependenciesMeta": {
        "typescript": {
          "optional": true
        },
        "vue-tsc": {
          "optional": true
        }
      }
    },
    "node_modules/@module-federation/runtime": {
      "version": "2.9.1",
      "resolved": "https://registry.npmjs.org/@module-federation/runtime/-/runtime-2.9.1.tgz",
      "integrity": "sha512-dRCy2HpUinPnk2b6GB/R6t2iJTHkSFGv83sbrEKylXkR2ATH0V47WpUdoNsZCEUOTQlAIHwZzDCVocA5FbcsBA==",
      "dev": true,
      "license": "MIT",
      "dependencies": {
        "@module-federation/error-codes": "2.9.1",
        "@module-federation/runtime-core": "2.9.1",
        "@module-federation/sdk": "2.9.1"
      }
    },
    "node_modules/@module-federation/runtime-core": {
      "version": "2.9.1",
      "resolved": "https://registry.npmjs.org/@module-federation/runtime-core/-/runtime-core-2.9.1.tgz",
      "integrity": "sha512-HMdsiTQoWqOXFr9Boki+U99piC00C7GLBZN05t+sXcutHq99oXZ8ONjvPL/h2pu7VAuPXgCjuCE3iqUQXv54EQ==",
      "dev": true,
      "license": "MIT",
      "dependencies": {
        "@module-federation/error-codes": "2.9.1",
        "@module-federation/sdk": "2.9.1"
      }
    },
    "node_modules/@module-federation/runtime-tools": {
      "version": "2.9.1",
      "resolved": "https://registry.npmjs.org/@module-federation/runtime-tools/-/runtime-tools-2.9.1.tgz",
      "integrity": "sha512-K5aYbnSY585RU/pb1Bb+m4cRtqq4KFPiGzxXC6hNgalN8Ny2EVFrDz6rd/uNfomtXfriPEre8W7WHb/Q7DOu8g==",
      "dev": true,
      "license": "MIT",
      "dependencies": {
        "@module-federation/runtime": "2.9.1",
        "@module-federation/webpack-bundler-runtime": "2.9.1"
      }
    },
    "node_modules/@module-federation/sdk": {
      "version": "2.9.1",
      "resolved": "https://registry.npmjs.org/@module-federation/sdk/-/sdk-2.9.1.tgz",
      "integrity": "sha512-JneBWSHr9ZCZHa5geNUleVK2vBTugWXLIXlV72UAhgHm1cTMYKZljnhRSX59n7Xssz4Yk+m+W3rYg6Eb4ouL8w==",
      "dev": true,
      "license": "MIT"
    },
    "node_modules/@module-federation/third-party-dts-extractor": {
      "version": "2.9.1",
      "resolved": "https://registry.npmjs.org/@module-federation/third-party-dts-extractor/-/third-party-dts-extractor-2.9.1.tgz",
      "integrity": "sha512-8H3/SWPD93EHmLG0F30J0ihsGI+LpCT7xdc6YXQWX+1lkgzwJoWTwm4j+LMQRP+1OtSxrpEW5ebcKqKeTZ2B+Q==",
      "dev": true,
      "license": "MIT"
    },
    "node_modules/@module-federation/webpack-bundler-runtime": {
      "version": "2.9.1",
      "resolved": "https://registry.npmjs.org/@module-federation/webpack-bundler-runtime/-/webpack-bundler-runtime-2.9.1.tgz",
      "integrity": "sha512-to/dxVd+N/tDQIOurIijTW3qr9Y8IRuMun1dyDm+0PTLOzKQ1Xid6qnAFsiNhZjK8HCOBlgjJuii7rwoZ90Z9w==",
      "dev": true,
      "license": "MIT",
      "dependencies": {
        "@module-federation/error-codes": "2.9.1",
        "@module-federation/runtime": "2.9.1",
        "@module-federation/sdk": "2.9.1"
      }
    },
    "node_modules/@napi-rs/wasm-runtime": {
      "version": "1.1.6",
      "resolved": "https://registry.npmjs.org/@napi-rs/wasm-runtime/-/wasm-runtime-1.1.6.tgz",
      "integrity": "sha512-ZLv/JdUfkvOy9eCnnBaGfiO+XimbjebAeO+MRQqD/B+FR1tnRN0tpKSJHRbE8sFfS6aqsXZ67TQjfwfsxULVbg==",
      "dev": true,
      "license": "MIT",
      "optional": true,
      "dependencies": {
        "@tybys/wasm-util": "^0.10.3"
      },
      "funding": {
        "type": "github",
        "url": "https://github.com/sponsors/Brooooooklyn"
      },
      "peerDependencies": {
        "@emnapi/core": "^1.7.1",
        "@emnapi/runtime": "^1.7.1"
      }
    },
    "node_modules/@rsbuild/core": {
      "version": "2.1.4",
      "resolved": "https://registry.npmjs.org/@rsbuild/core/-/core-2.1.4.tgz",
      "integrity": "sha512-kdubx/qB6tXduCdqaW78OULLZJ3ludpuA4mOkDko18THsI1rUy9U34DsaDSnotE8GAvTeme+FX9MnqLEUlg8kQ==",
      "dev": true,
      "license": "MIT",
      "dependencies": {
        "@rspack/core": "~2.1.2",
        "@swc/helpers": "^0.5.23"
      },
      "bin": {
        "rsbuild": "bin/rsbuild.js"
      },
      "engines": {
        "node": "^20.19.0 || >=22.12.0"
      },
      "peerDependencies": {
        "core-js": ">= 3.0.0"
      },
      "peerDependenciesMeta": {
        "core-js": {
          "optional": true
        }
      }
    },
    "node_modules/@rsbuild/core/node_modules/@rspack/binding": {
      "version": "2.1.10",
      "resolved": "https://registry.npmjs.org/@rspack/binding/-/binding-2.1.10.tgz",
      "integrity": "sha512-vnu/UP5HnrND15lO9+VeG6eUrbTyycHNQNQ3XEiRiFojuoiGZkIZC3Hbzr8qQH44C6vScPODEPvvIVvLcO2LpQ==",
      "dev": true,
      "license": "MIT",
      "optionalDependencies": {
        "@rspack/binding-darwin-arm64": "2.1.10",
        "@rspack/binding-darwin-x64": "2.1.10",
        "@rspack/binding-linux-arm64-gnu": "2.1.10",
        "@rspack/binding-linux-arm64-musl": "2.1.10",
        "@rspack/binding-linux-ppc64-gnu": "2.1.10",
        "@rspack/binding-linux-riscv64-gnu": "2.1.10",
        "@rspack/binding-linux-riscv64-musl": "2.1.10",
        "@rspack/binding-linux-s390x-gnu": "2.1.10",
        "@rspack/binding-linux-x64-gnu": "2.1.10",
        "@rspack/binding-linux-x64-musl": "2.1.10",
        "@rspack/binding-wasm32-wasi": "2.1.10",
        "@rspack/binding-win32-arm64-msvc": "2.1.10",
        "@rspack/binding-win32-ia32-msvc": "2.1.10",
        "@rspack/binding-win32-x64-msvc": "2.1.10"
      }
    },
    "node_modules/@rsbuild/core/node_modules/@rspack/binding-darwin-arm64": {
      "version": "2.1.10",
      "resolved": "https://registry.npmjs.org/@rspack/binding-darwin-arm64/-/binding-darwin-arm64-2.1.10.tgz",
      "integrity": "sha512-DZlcTpbIb2mjeS1aSG4k01UH33Zj7T+k8ZylPK6HmsKs4JvK4wgpWFC78WVv3p/Aj3MZS6DwtDLwpZ2Ihj/fpg==",
      "cpu": [
        "arm64"
      ],
      "dev": true,
      "license": "MIT",
      "optional": true,
      "os": [
        "darwin"
      ]
    },
    "node_modules/@rsbuild/core/node_modules/@rspack/binding-darwin-x64": {
      "version": "2.1.10",
      "resolved": "https://registry.npmjs.org/@rspack/binding-darwin-x64/-/binding-darwin-x64-2.1.10.tgz",
      "integrity": "sha512-my/0h2LwxCRT6cg3oDDC2e0ZOxQLVajAdIcv0fqnQk5JRNvVuL89PuTutitnSqie1A0/JSL8OQz5XHwmoS3kow==",
      "cpu": [
        "x64"
      ],
      "dev": true,
      "license": "MIT",
      "optional": true,
      "os": [
        "darwin"
      ]
    },
    "node_modules/@rsbuild/core/node_modules/@rspack/binding-linux-arm64-gnu": {
      "version": "2.1.10",
      "resolved": "https://registry.npmjs.org/@rspack/binding-linux-arm64-gnu/-/binding-linux-arm64-gnu-2.1.10.tgz",
      "integrity": "sha512-laevn9g+E5PAUEGqiKe6Ju5KApsuQYp+bPI17XS3Lkl8eqL5pS/BmHYU7QMlst4GzV8+wlruVTMh//+st6Vqzg==",
      "cpu": [
        "arm64"
      ],
      "dev": true,
      "license": "MIT",
      "optional": true,
      "os": [
        "linux"
      ]
    },
    "node_modules/@rsbuild/core/node_modules/@rspack/binding-linux-arm64-musl": {
      "version": "2.1.10",
      "resolved": "https://registry.npmjs.org/@rspack/binding-linux-arm64-musl/-/binding-linux-arm64-musl-2.1.10.tgz",
      "integrity": "sha512-V71+Qz5G72+ROZXrJn5zxOszdG1AEbO8pcC/itXXtf4yRR6a3bVHKNKGhipBNxb8eI6cnD/01FH1h3ZG655jLw==",
      "cpu": [
        "arm64"
      ],
      "dev": true,
      "license": "MIT",
      "optional": true,
      "os": [
        "linux"
      ]
    },
    "node_modules/@rsbuild/core/node_modules/@rspack/binding-linux-ppc64-gnu": {
      "version": "2.1.10",
      "resolved": "https://registry.npmjs.org/@rspack/binding-linux-ppc64-gnu/-/binding-linux-ppc64-gnu-2.1.10.tgz",
      "integrity": "sha512-U7HlNzHcDtZ+LYOtOJmtx67kHEybZzUUAaP7aEXjGYO5WTCgh/176sW2UYP0rmZLrgUNFUuzn+B98RLaClNaVg==",
      "cpu": [
        "ppc64"
      ],
      "dev": true,
      "license": "MIT",
      "optional": true,
      "os": [
        "linux"
      ]
    },
    "node_modules/@rsbuild/core/node_modules/@rspack/binding-linux-riscv64-gnu": {
      "version": "2.1.10",
      "resolved": "https://registry.npmjs.org/@rspack/binding-linux-riscv64-gnu/-/binding-linux-riscv64-gnu-2.1.10.tgz",
      "integrity": "sha512-GMGTJpy9/ecE+5F5IfxZH4bXv0Wx/b2TiehTlCbTksbL+pKpLHYy0rwGdjWDKbmBkhxMMqPiC7PDnn9LbdnnLA==",
      "cpu": [
        "riscv64"
      ],
      "dev": true,
      "license": "MIT",
      "optional": true,
      "os": [
        "linux"
      ]
    },
    "node_modules/@rsbuild/core/node_modules/@rspack/binding-linux-riscv64-musl": {
      "version": "2.1.10",
      "resolved": "https://registry.npmjs.org/@rspack/binding-linux-riscv64-musl/-/binding-linux-riscv64-musl-2.1.10.tgz",
      "integrity": "sha512-rkurnAWc04vIbzG1QCrPBWSJadZvaOt1mazFH3EdiJO8VUiu0I1T9zdiwuDOPrd50lOKIZlcTXbd5aaAkWEnvQ==",
      "cpu": [
        "riscv64"
      ],
      "dev": true,
      "license": "MIT",
      "optional": true,
      "os": [
        "linux"
      ]
    },
    "node_modules/@rsbuild/core/node_modules/@rspack/binding-linux-s390x-gnu": {
      "version": "2.1.10",
      "resolved": "https://registry.npmjs.org/@rspack/binding-linux-s390x-gnu/-/binding-linux-s390x-gnu-2.1.10.tgz",
      "integrity": "sha512-X+DyxkriZEAF/wihI7ERDv+CAS0mbMv36aEuQ+vXzTlvS6cSmpou/r29AHbvIF3NlG1UeAbDVlOs9QrMBZjpUQ==",
      "cpu": [
        "s390x"
      ],
      "dev": true,
      "license": "MIT",
      "optional": true,
      "os": [
        "linux"
      ]
    },
    "node_modules/@rsbuild/core/node_modules/@rspack/binding-linux-x64-gnu": {
      "version": "2.1.10",
      "resolved": "https://registry.npmjs.org/@rspack/binding-linux-x64-gnu/-/binding-linux-x64-gnu-2.1.10.tgz",
      "integrity": "sha512-Fat09V6jUuyo9qG7Wyj9cQ31VDfLmokXyBtGqKxY5OvSWHereB7QUub5btbPXHwbp6Iq4aAQyUbbLTzvR1YaBw==",
      "cpu": [
        "x64"
      ],
      "dev": true,
      "license": "MIT",
      "optional": true,
      "os": [
        "linux"
      ]
    },
    "node_modules/@rsbuild/core/node_modules/@rspack/binding-linux-x64-musl": {
      "version": "2.1.10",
      "resolved": "https://registry.npmjs.org/@rspack/binding-linux-x64-musl/-/binding-linux-x64-musl-2.1.10.tgz",
      "integrity": "sha512-lhHOnIJ4ClpIlA1f1L8aoxEZivYLjnjq5A6jKKz7BKsm+cHK8kqqEm6lO5KqA5xQT0Lonq1o28bmKHEj6JHInw==",
      "cpu": [
        "x64"
      ],
      "dev": true,
      "license": "MIT",
      "optional": true,
      "os": [
        "linux"
      ]
    },
    "node_modules/@rsbuild/core/node_modules/@rspack/binding-wasm32-wasi": {
      "version": "2.1.10",
      "resolved": "https://registry.npmjs.org/@rspack/binding-wasm32-wasi/-/binding-wasm32-wasi-2.1.10.tgz",
      "integrity": "sha512-KY5YbWbuvYcoaLXnV+vzZOvGRCeb6jt4EpVpKdph1h1IJjwX/ju15EQ+GOe3iecZEdf0OttQcNVcwBkLkFT9ag==",
      "cpu": [
        "wasm32"
      ],
      "dev": true,
      "license": "MIT",
      "optional": true,
      "dependencies": {
        "@emnapi/core": "1.11.3",
        "@emnapi/runtime": "1.11.3",
        "@napi-rs/wasm-runtime": "1.1.6"
      }
    },
    "node_modules/@rsbuild/core/node_modules/@rspack/binding-win32-arm64-msvc": {
      "version": "2.1.10",
      "resolved": "https://registry.npmjs.org/@rspack/binding-win32-arm64-msvc/-/binding-win32-arm64-msvc-2.1.10.tgz",
      "integrity": "sha512-z4GWzMLofaDGpAt9Z+MlN88LlUBDm+zM6R2GdOOPM6/4g/h3/+47OP7casmSL3AwTGYBEJqogwt08sRSosB6Cg==",
      "cpu": [
        "arm64"
      ],
      "dev": true,
      "license": "MIT",
      "optional": true,
      "os": [
        "win32"
      ]
    },
    "node_modules/@rsbuild/core/node_modules/@rspack/binding-win32-ia32-msvc": {
      "version": "2.1.10",
      "resolved": "https://registry.npmjs.org/@rspack/binding-win32-ia32-msvc/-/binding-win32-ia32-msvc-2.1.10.tgz",
      "integrity": "sha512-7qcWdsZ+GuGtzKjqgy7wTN7Dso/ezIY8yhx1r2yIbcczdmXj4FhaEampMDp/25HwtKwIGBBoh6HHSt3JWxpTUg==",
      "cpu": [
        "ia32"
      ],
      "dev": true,
      "license": "MIT",
      "optional": true,
      "os": [
        "win32"
      ]
    },
    "node_modules/@rsbuild/core/node_modules/@rspack/binding-win32-x64-msvc": {
      "version": "2.1.10",
      "resolved": "https://registry.npmjs.org/@rspack/binding-win32-x64-msvc/-/binding-win32-x64-msvc-2.1.10.tgz",
      "integrity": "sha512-pgp23pLrzfhGnKycxzr7ifP17lAbWZEfnx1bX8gXtYrnpJ66DRNyTKSzxB6sa/HBWjS1L8PX5TjMZ44WfPydqQ==",
      "cpu": [
        "x64"
      ],
      "dev": true,
      "license": "MIT",
      "optional": true,
      "os": [
        "win32"
      ]
    },
    "node_modules/@rsbuild/core/node_modules/@rspack/core": {
      "version": "2.1.10",
      "resolved": "https://registry.npmjs.org/@rspack/core/-/core-2.1.10.tgz",
      "integrity": "sha512-YSS2/Xxz8uiG/KXDkqOoA3dTetNo/vysk7bAexQOrU8iuq7JuzDTTAwLKvWZnwmvME8M8m5wcM4YvfIwYmidHA==",
      "dev": true,
      "license": "MIT",
      "dependencies": {
        "@rspack/binding": "2.1.10"
      },
      "engines": {
        "node": "^20.19.0 || >=22.12.0"
      },
      "peerDependencies": {
        "@module-federation/runtime-tools": "^0.24.1 || ^2.0.0",
        "@swc/helpers": "^0.5.23"
      },
      "peerDependenciesMeta": {
        "@module-federation/runtime-tools": {
          "optional": true
        },
        "@swc/helpers": {
          "optional": true
        }
      }
    },
    "node_modules/@rsbuild/plugin-react": {
      "version": "2.1.0",
      "resolved": "https://registry.npmjs.org/@rsbuild/plugin-react/-/plugin-react-2.1.0.tgz",
      "integrity": "sha512-RQTIAWB/CwPjoWt9iAl+8HixeQVgZ7kEIBrWPCixfITyHdiD84h0YpUTpEUuz6kGHw1KXT9mHZ3Rwy6WG7aRDA==",
      "dev": true,
      "license": "MIT",
      "dependencies": {
        "@rspack/plugin-react-refresh": "^2.0.2",
        "react-refresh": "^0.18.0"
      },
      "peerDependencies": {
        "@rsbuild/core": "^2.0.0"
      },
      "peerDependenciesMeta": {
        "@rsbuild/core": {
          "optional": true
        }
      }
    },
    "node_modules/@rspack/binding": {
      "version": "2.2.7",
      "resolved": "https://registry.npmjs.org/@rspack/binding/-/binding-2.2.7.tgz",
      "integrity": "sha512-opY7Sw6iwtBa23CeNj18GOqKBlaJUZXp52kNIGyNq+7jpCQKrJYeX5wiK7uBn8/ZpHQfhwNL2xxu5yzG4JFH1g==",
      "dev": true,
      "license": "MIT",
      "peer": true,
      "optionalDependencies": {
        "@rspack/binding-darwin-arm64": "2.2.7",
        "@rspack/binding-darwin-x64": "2.2.7",
        "@rspack/binding-linux-arm64-gnu": "2.2.7",
        "@rspack/binding-linux-arm64-musl": "2.2.7",
        "@rspack/binding-linux-ppc64-gnu": "2.2.7",
        "@rspack/binding-linux-riscv64-gnu": "2.2.7",
        "@rspack/binding-linux-riscv64-musl": "2.2.7",
        "@rspack/binding-linux-s390x-gnu": "2.2.7",
        "@rspack/binding-linux-x64-gnu": "2.2.7",
        "@rspack/binding-linux-x64-musl": "2.2.7",
        "@rspack/binding-wasm32-wasi": "2.2.7",
        "@rspack/binding-win32-arm64-msvc": "2.2.7",
        "@rspack/binding-win32-ia32-msvc": "2.2.7",
        "@rspack/binding-win32-x64-msvc": "2.2.7"
      }
    },
    "node_modules/@rspack/binding-darwin-arm64": {
      "version": "2.2.7",
      "resolved": "https://registry.npmjs.org/@rspack/binding-darwin-arm64/-/binding-darwin-arm64-2.2.7.tgz",
      "integrity": "sha512-m0ijteZwZfUZeFcbyxwTe6N+I7aceV5/iW39b7fIIoMN/mSv9zL0ieeRzwuFe7mTYGwCuwNieDZHXfMFdp2Q2w==",
      "cpu": [
        "arm64"
      ],
      "dev": true,
      "license": "MIT",
      "optional": true,
      "os": [
        "darwin"
      ],
      "peer": true
    },
    "node_modules/@rspack/binding-darwin-x64": {
      "version": "2.2.7",
      "resolved": "https://registry.npmjs.org/@rspack/binding-darwin-x64/-/binding-darwin-x64-2.2.7.tgz",
      "integrity": "sha512-f27/OubIeCe5Hzze1bm+k/CQ2XX9hk3E/FuK4lym1bjqZ9spWSuolC3sK/yU/Pc3kwMPuf53byUm3FM+QC/blw==",
      "cpu": [
        "x64"
      ],
      "dev": true,
      "license": "MIT",
      "optional": true,
      "os": [
        "darwin"
      ],
      "peer": true
    },
    "node_modules/@rspack/binding-linux-arm64-gnu": {
      "version": "2.2.7",
      "resolved": "https://registry.npmjs.org/@rspack/binding-linux-arm64-gnu/-/binding-linux-arm64-gnu-2.2.7.tgz",
      "integrity": "sha512-uGEX6kY/Pi3wPZgaEk6vTevZOHjKw8qmd5pqWVwRmpLhwvPB7LGqVqx5BMnNYBjsndVUWJQQRlGL8DoVG5IXXQ==",
      "cpu": [
        "arm64"
      ],
      "dev": true,
      "license": "MIT",
      "optional": true,
      "os": [
        "linux"
      ],
      "peer": true
    },
    "node_modules/@rspack/binding-linux-arm64-musl": {
      "version": "2.2.7",
      "resolved": "https://registry.npmjs.org/@rspack/binding-linux-arm64-musl/-/binding-linux-arm64-musl-2.2.7.tgz",
      "integrity": "sha512-qBvztXsOgdi69zi8BhIUz+yc/alqR/wQVmcdCh+1SbhcsNpMsFUndxvVoR1tOboBsEo//gxOG4GxH8zlemhbUA==",
      "cpu": [
        "arm64"
      ],
      "dev": true,
      "license": "MIT",
      "optional": true,
      "os": [
        "linux"
      ],
      "peer": true
    },
    "node_modules/@rspack/binding-linux-ppc64-gnu": {
      "version": "2.2.7",
      "resolved": "https://registry.npmjs.org/@rspack/binding-linux-ppc64-gnu/-/binding-linux-ppc64-gnu-2.2.7.tgz",
      "integrity": "sha512-t+/tOPoMu3ZZF8I1Wvqd4Jrib1teOOgb0S4jGb4nSVryuDIWgjny0FLGv5xc8RC7e4esVF93D4wF62Kt9Pxfvw==",
      "cpu": [
        "ppc64"
      ],
      "dev": true,
      "license": "MIT",
      "optional": true,
      "os": [
        "linux"
      ],
      "peer": true
    },
    "node_modules/@rspack/binding-linux-riscv64-gnu": {
      "version": "2.2.7",
      "resolved": "https://registry.npmjs.org/@rspack/binding-linux-riscv64-gnu/-/binding-linux-riscv64-gnu-2.2.7.tgz",
      "integrity": "sha512-ZkN6K4PRTPqfYI7gPYv1PqgUXKsZDeeFPFoQ4LLiFxhIGczdJY5XAPPoHN+N7d91hAGWi6u+UHYrUp1HvudBOw==",
      "cpu": [
        "riscv64"
      ],
      "dev": true,
      "license": "MIT",
      "optional": true,
      "os": [
        "linux"
      ],
      "peer": true
    },
    "node_modules/@rspack/binding-linux-riscv64-musl": {
      "version": "2.2.7",
      "resolved": "https://registry.npmjs.org/@rspack/binding-linux-riscv64-musl/-/binding-linux-riscv64-musl-2.2.7.tgz",
      "integrity": "sha512-ywcmeNAC59HtVJ4a5jy5cEUA4JNa19QlVtTW09Pzh0+luNEasWaDfOaXJpYJTGWcycVwzMm3A9aNN3MqvO87EQ==",
      "cpu": [
        "riscv64"
      ],
      "dev": true,
      "license": "MIT",
      "optional": true,
      "os": [
        "linux"
      ],
      "peer": true
    },
    "node_modules/@rspack/binding-linux-s390x-gnu": {
      "version": "2.2.7",
      "resolved": "https://registry.npmjs.org/@rspack/binding-linux-s390x-gnu/-/binding-linux-s390x-gnu-2.2.7.tgz",
      "integrity": "sha512-U/np+nOj9mka5CdM9FKNkrAShw0UoaarBLzOxbBHu4sqMt3iXQCi91fblLdhUDoWuIQrnV/WrqygFeIP2qAHIw==",
      "cpu": [
        "s390x"
      ],
      "dev": true,
      "license": "MIT",
      "optional": true,
      "os": [
        "linux"
      ],
      "peer": true
    },
    "node_modules/@rspack/binding-linux-x64-gnu": {
      "version": "2.2.7",
      "resolved": "https://registry.npmjs.org/@rspack/binding-linux-x64-gnu/-/binding-linux-x64-gnu-2.2.7.tgz",
      "integrity": "sha512-PkryZX3GZeBQfzvKEhwGGd9m43PwqcsqWd14kmsVADeBCqHLxJahMGiGmajd28vSa42xbw7HTb8yY4jXzv5QtA==",
      "cpu": [
        "x64"
      ],
      "dev": true,
      "license": "MIT",
      "optional": true,
      "os": [
        "linux"
      ],
      "peer": true
    },
    "node_modules/@rspack/binding-linux-x64-musl": {
      "version": "2.2.7",
      "resolved": "https://registry.npmjs.org/@rspack/binding-linux-x64-musl/-/binding-linux-x64-musl-2.2.7.tgz",
      "integrity": "sha512-atJn62IgXnc/RhWiFgEiNx7IHAJbHunttzjMpWJLjWiFuJ2c+tLQrTBIiqO3VAIXh+haN1jZLHXuMVj5/J+edA==",
      "cpu": [
        "x64"
      ],
      "dev": true,
      "license": "MIT",
      "optional": true,
      "os": [
        "linux"
      ],
      "peer": true
    },
    "node_modules/@rspack/binding-wasm32-wasi": {
      "version": "2.2.7",
      "resolved": "https://registry.npmjs.org/@rspack/binding-wasm32-wasi/-/binding-wasm32-wasi-2.2.7.tgz",
      "integrity": "sha512-SRDYrqWnD8Y+VNj8+11KggFaVMFSbyu+9WC2f9sygzjFu78GmF0kLKaHNQMaJv6MUMSBk/OhtEbUB4hmH7czVQ==",
      "cpu": [
        "wasm32"
      ],
      "dev": true,
      "license": "MIT",
      "optional": true,
      "peer": true,
      "dependencies": {
        "@emnapi/core": "1.11.3",
        "@emnapi/runtime": "1.11.3",
        "@napi-rs/wasm-runtime": "1.1.6"
      }
    },
    "node_modules/@rspack/binding-win32-arm64-msvc": {
      "version": "2.2.7",
      "resolved": "https://registry.npmjs.org/@rspack/binding-win32-arm64-msvc/-/binding-win32-arm64-msvc-2.2.7.tgz",
      "integrity": "sha512-etHFjzSP/jnnrVYuim9C/nhSlN0/tQowVz0CSJOUHtDH7ZZiUsvWtkH9Zx3tDaZOB7sAw9cbL36mbmdkb4U6cw==",
      "cpu": [
        "arm64"
      ],
      "dev": true,
      "license": "MIT",
      "optional": true,
      "os": [
        "win32"
      ],
      "peer": true
    },
    "node_modules/@rspack/binding-win32-ia32-msvc": {
      "version": "2.2.7",
      "resolved": "https://registry.npmjs.org/@rspack/binding-win32-ia32-msvc/-/binding-win32-ia32-msvc-2.2.7.tgz",
      "integrity": "sha512-26HiMUQk8QKVw477gW9HorIQ3r0le3AL4OFigJr1/HAumi5qyOPazck+wWtUDh1R9bSf8etZjkuseBGtjN5+KQ==",
      "cpu": [
        "ia32"
      ],
      "dev": true,
      "license": "MIT",
      "optional": true,
      "os": [
        "win32"
      ],
      "peer": true
    },
    "node_modules/@rspack/binding-win32-x64-msvc": {
      "version": "2.2.7",
      "resolved": "https://registry.npmjs.org/@rspack/binding-win32-x64-msvc/-/binding-win32-x64-msvc-2.2.7.tgz",
      "integrity": "sha512-ut8tVSXP8DWQE/JUwQ1oqwuAaAgySgYF66HpWmxfR9J4nLzGmhd7CnnaCTT3vUyQQNmLKFida/AbiqJ/gWmPrw==",
      "cpu": [
        "x64"
      ],
      "dev": true,
      "license": "MIT",
      "optional": true,
      "os": [
        "win32"
      ],
      "peer": true
    },
    "node_modules/@rspack/core": {
      "version": "2.2.7",
      "resolved": "https://registry.npmjs.org/@rspack/core/-/core-2.2.7.tgz",
      "integrity": "sha512-kWKd4lYp13GPAQy2eQITLTvPbl+ST7ffG/MCGHoX138o5eTetMQMe/oc7UAZAfjervAM6UOzEhiiCirPTpRBUQ==",
      "dev": true,
      "license": "MIT",
      "peer": true,
      "dependencies": {
        "@rspack/binding": "2.2.7"
      },
      "engines": {
        "node": "^20.19.0 || >=22.12.0"
      },
      "peerDependencies": {
        "@module-federation/runtime-tools": "^0.24.1 || ^2.0.0",
        "@swc/helpers": "^0.5.23"
      },
      "peerDependenciesMeta": {
        "@module-federation/runtime-tools": {
          "optional": true
        },
        "@swc/helpers": {
          "optional": true
        }
      }
    },
    "node_modules/@rspack/plugin-react-refresh": {
      "version": "2.0.2",
      "resolved": "https://registry.npmjs.org/@rspack/plugin-react-refresh/-/plugin-react-refresh-2.0.2.tgz",
      "integrity": "sha512-dGNZiCxQxgAUI9sah7gd8u+O7OJZRCmqtEJNDOd8xW5RqcieC86F7p5qcShyw6onH5pKf57evpr2VjGbaFGkZg==",
      "dev": true,
      "license": "MIT",
      "peerDependencies": {
        "@rspack/core": "^2.0.0",
        "react-refresh": ">=0.10.0 <1.0.0"
      },
      "peerDependenciesMeta": {
        "@rspack/core": {
          "optional": true
        }
      }
    },
    "node_modules/@swc/helpers": {
      "version": "0.5.23",
      "resolved": "https://registry.npmjs.org/@swc/helpers/-/helpers-0.5.23.tgz",
      "integrity": "sha512-5lSsMOTXURePglDfvuAQUqkGek9Hg2kksOYay2m0+XR++b2NWYL/4sWyuvVBIs8oKnJaxkdi9whaL/sqN13afw==",
      "dev": true,
      "license": "Apache-2.0",
      "dependencies": {
        "tslib": "^2.8.0"
      }
    },
    "node_modules/@tybys/wasm-util": {
      "version": "0.10.4",
      "resolved": "https://registry.npmjs.org/@tybys/wasm-util/-/wasm-util-0.10.4.tgz",
      "integrity": "sha512-W3c4gRigFS0T/Ma4qIYF3GDAc5AQdHb1yL5znJT1Zv1YaD9Kitx656wBjvr19qbiosmZT8lWDM5BEMynUqX65A==",
      "dev": true,
      "license": "MIT",
      "optional": true,
      "dependencies": {
        "tslib": "^2.4.0"
      }
    },
    "node_modules/@types/json-schema": {
      "version": "7.0.15",
      "resolved": "https://registry.npmjs.org/@types/json-schema/-/json-schema-7.0.15.tgz",
      "integrity": "sha512-5+fP8P8MFNC+AyZCDxrB2pkZFPGzqQWUzpSeuuVLvm8VMcorNYavBqoFcxK8bQz4Qsbn4oUEEem4wDLfcysGHA==",
      "dev": true,
      "license": "MIT"
    },
    "node_modules/@types/react": {
      "version": "19.3.0",
      "resolved": "https://registry.npmjs.org/@types/react/-/react-19.3.0.tgz",
      "integrity": "sha512-N0rFCuH9YoxG9/m61l9MfpJKfmLOVU0em7ipIz6TRgSSkvReLB9vL85GB+yr8Bs5leqpvg96JSwF4ZS1s4viQg==",
      "dev": true,
      "license": "MIT",
      "dependencies": {
        "csstype": "^3.2.2"
      }
    },
    "node_modules/@types/react-dom": {
      "version": "19.3.0",
      "resolved": "https://registry.npmjs.org/@types/react-dom/-/react-dom-19.3.0.tgz",
      "integrity": "sha512-ZI7bU42mZXXKHn/qNLEw2IrbiINU7X5+vfgdixBHkCNpYWXjKgfQ/P+uyGb5CjOLB9UcnTeg3rylQtV2hym44Q==",
      "dev": true,
      "license": "MIT",
      "peerDependencies": {
        "@types/react": "^19.3.0"
      }
    },
    "node_modules/adm-zip": {
      "version": "0.6.0",
      "resolved": "https://registry.npmjs.org/adm-zip/-/adm-zip-0.6.0.tgz",
      "integrity": "sha512-XleryMhbuksdKtofnWZ9Sk+4CUTbms4Mb/EU32SZwToAyZ5RgVos/ki8n+yr0LWHOGKuakbXTuuYNHLQjhddgg==",
      "dev": true,
      "license": "MIT",
      "engines": {
        "node": ">=14.0"
      }
    },
    "node_modules/ajv": {
      "version": "8.20.0",
      "resolved": "https://registry.npmjs.org/ajv/-/ajv-8.20.0.tgz",
      "integrity": "sha512-Thbli+OlOj+iMPYFBVBfJ3OmCAnaSyNn4M1vz9T6Gka5Jt9ba/HIR56joy65tY6kx/FCF5VXNB819Y7/GUrBGA==",
      "dev": true,
      "license": "MIT",
      "dependencies": {
        "fast-deep-equal": "^3.1.3",
        "fast-uri": "^3.0.1",
        "json-schema-traverse": "^1.0.0",
        "require-from-string": "^2.0.2"
      },
      "funding": {
        "type": "github",
        "url": "https://github.com/sponsors/epoberezkin"
      }
    },
    "node_modules/ajv-formats": {
      "version": "2.1.1",
      "resolved": "https://registry.npmjs.org/ajv-formats/-/ajv-formats-2.1.1.tgz",
      "integrity": "sha512-Wx0Kx52hxE7C18hkMEggYlEifqWZtYaRgouJor+WMdPnQyEK13vgEWyVNup7SoeeoLMsr4kf5h6dOW11I15MUA==",
      "dev": true,
      "license": "MIT",
      "dependencies": {
        "ajv": "^8.0.0"
      },
      "peerDependencies": {
        "ajv": "^8.0.0"
      },
      "peerDependenciesMeta": {
        "ajv": {
          "optional": true
        }
      }
    },
    "node_modules/ajv-keywords": {
      "version": "5.1.0",
      "resolved": "https://registry.npmjs.org/ajv-keywords/-/ajv-keywords-5.1.0.tgz",
      "integrity": "sha512-YCS/JNFAUyr5vAuhk1DWm1CBxRHW9LbJ2ozWeemrIqpbsqKjHVxYPyi5GC0rjZIT5JxJ3virVTS8wk4i/Z+krw==",
      "dev": true,
      "license": "MIT",
      "dependencies": {
        "fast-deep-equal": "^3.1.3"
      },
      "peerDependencies": {
        "ajv": "^8.8.2"
      }
    },
    "node_modules/commander": {
      "version": "11.1.0",
      "resolved": "https://registry.npmjs.org/commander/-/commander-11.1.0.tgz",
      "integrity": "sha512-yPVavfyCcRhmorC7rWlkHn15b4wDVgVmBA7kV4QVBsF7kv/9TKJAbAXVTxvTnwP8HHKjRCJDClKbciiYS7p0DQ==",
      "dev": true,
      "license": "MIT",
      "engines": {
        "node": ">=16"
      }
    },
    "node_modules/csstype": {
      "version": "3.2.3",
      "resolved": "https://registry.npmjs.org/csstype/-/csstype-3.2.3.tgz",
      "integrity": "sha512-z1HGKcYy2xA8AGQfwrn0PAy+PB7X/GSj3UVJW9qKyn43xWa+gl5nXmU4qqLMRzWVLFC8KusUX8T/0kCiOYpAIQ==",
      "dev": true,
      "license": "MIT"
    },
    "node_modules/encoding": {
      "version": "0.1.13",
      "resolved": "https://registry.npmjs.org/encoding/-/encoding-0.1.13.tgz",
      "integrity": "sha512-ETBauow1T35Y/WZMkio9jiM0Z5xjHHmJ4XmjZOq1l/dXz3lr2sRn87nJy20RupqSh1F2m3HHPSp8ShIPQJrJ3A==",
      "dev": true,
      "license": "MIT",
      "dependencies": {
        "iconv-lite": "^0.6.2"
      }
    },
    "node_modules/fast-deep-equal": {
      "version": "3.1.3",
      "resolved": "https://registry.npmjs.org/fast-deep-equal/-/fast-deep-equal-3.1.3.tgz",
      "integrity": "sha512-f3qQ9oQy9j2AhBe/H9VC91wLmKBCCU/gDOnKNAYG5hswO7BLKj09Hc5HYNz9cGI++xlpDCIgDaitVs03ATR84Q==",
      "dev": true,
      "license": "MIT"
    },
    "node_modules/fast-uri": {
      "version": "3.1.8",
      "resolved": "https://registry.npmjs.org/fast-uri/-/fast-uri-3.1.8.tgz",
      "integrity": "sha512-GZMtZUTNRpOVIECoXwLNZS5xUGE+mVNbTB8h/7Rwh2TFWcBQiPzTgyZi05BF9UMZKkLJv8XBRJTlU7zg8+ZfMg==",
      "dev": true,
      "funding": [
        {
          "type": "github",
          "url": "https://github.com/sponsors/fastify"
        },
        {
          "type": "opencollective",
          "url": "https://opencollective.com/fastify"
        }
      ],
      "license": "BSD-3-Clause"
    },
    "node_modules/iconv-lite": {
      "version": "0.6.3",
      "resolved": "https://registry.npmjs.org/iconv-lite/-/iconv-lite-0.6.3.tgz",
      "integrity": "sha512-4fCk79wshMdzMp2rH06qWrJE4iolqLhCUH+OiuIgU++RB0+94NlDL81atO7GX55uUKueo0txHNtvEyI6D7WdMw==",
      "dev": true,
      "license": "MIT",
      "dependencies": {
        "safer-buffer": ">= 2.1.2 < 3.0.0"
      },
      "engines": {
        "node": ">=0.10.0"
      }
    },
    "node_modules/isomorphic-ws": {
      "version": "5.0.0",
      "resolved": "https://registry.npmjs.org/isomorphic-ws/-/isomorphic-ws-5.0.0.tgz",
      "integrity": "sha512-muId7Zzn9ywDsyXgTIafTry2sV3nySZeUDe6YedVd1Hvuuep5AsIlqK+XefWpYTyJG5e503F2xIuT2lcU6rCSw==",
      "dev": true,
      "license": "MIT",
      "peerDependencies": {
        "ws": "*"
      }
    },
    "node_modules/jiti": {
      "version": "2.4.2",
      "resolved": "https://registry.npmjs.org/jiti/-/jiti-2.4.2.tgz",
      "integrity": "sha512-rg9zJN+G4n2nfJl5MW3BMygZX56zKPNVEYYqq7adpmMh4Jn2QNEwhvQlFy6jPVdcod7txZtKHWnyZiA3a0zP7A==",
      "dev": true,
      "license": "MIT",
      "bin": {
        "jiti": "lib/jiti-cli.mjs"
      }
    },
    "node_modules/json-schema-traverse": {
      "version": "1.0.0",
      "resolved": "https://registry.npmjs.org/json-schema-traverse/-/json-schema-traverse-1.0.0.tgz",
      "integrity": "sha512-NM8/P9n3XjXhIZn1lLhkFaACTOURQXjWhV4BA/RnOv8xvgqtqpAX9IO4mRQxSx1Rlo4tqzeqb0sOlruaOy3dug==",
      "dev": true,
      "license": "MIT"
    },
    "node_modules/node-fetch": {
      "version": "2.7.0",
      "resolved": "https://registry.npmjs.org/node-fetch/-/node-fetch-2.7.0.tgz",
      "integrity": "sha512-c4FRfUm/dbcWZ7U+1Wq0AwCyFL+3nt2bEw05wfxSz+DWpWsitgmSgYmy2dQdWyKC1694ELPqMs/YzUSNozLt8A==",
      "dev": true,
      "license": "MIT",
      "dependencies": {
        "whatwg-url": "^5.0.0"
      },
      "engines": {
        "node": "4.x || >=6.0.0"
      },
      "peerDependencies": {
        "encoding": "^0.1.0"
      },
      "peerDependenciesMeta": {
        "encoding": {
          "optional": true
        }
      }
    },
    "node_modules/react": {
      "version": "19.3.0",
      "resolved": "https://registry.npmjs.org/react/-/react-19.3.0.tgz",
      "integrity": "sha512-E8LUcbtBWt20bbl2YoHfx4ZDBdxVTfOKtCZn9cDSJ4l6/nuoApcpIBcj47t2wZoVX8g2ZHuMHbiShgCR1T5Sog==",
      "license": "MIT",
      "engines": {
        "node": ">=0.10.0"
      }
    },
    "node_modules/react-dom": {
      "version": "19.3.0",
      "resolved": "https://registry.npmjs.org/react-dom/-/react-dom-19.3.0.tgz",
      "integrity": "sha512-JDk8dgif51OjFoDE70+OT9ICyYr+69HlmihNwp1+Nsfbna3t5sIiCa9ZJktDmQ4/1b/rn26hIAR2uYXDMr5r0Q==",
      "license": "MIT",
      "dependencies": {
        "scheduler": "^0.28.0"
      },
      "peerDependencies": {
        "react": "^19.3.0"
      }
    },
    "node_modules/react-refresh": {
      "version": "0.18.0",
      "resolved": "https://registry.npmjs.org/react-refresh/-/react-refresh-0.18.0.tgz",
      "integrity": "sha512-QgT5//D3jfjJb6Gsjxv0Slpj23ip+HtOpnNgnb2S5zU3CB26G/IDPGoy4RJB42wzFE46DRsstbW6tKHoKbhAxw==",
      "dev": true,
      "license": "MIT",
      "engines": {
        "node": ">=0.10.0"
      }
    },
    "node_modules/require-from-string": {
      "version": "2.0.2",
      "resolved": "https://registry.npmjs.org/require-from-string/-/require-from-string-2.0.2.tgz",
      "integrity": "sha512-Xf0nWe6RseziFMu+Ap9biiUbmplq6S9/p+7w7YXP/JBHhrUDDUhwa+vANyubuqfZWTveU//DYVGsDG7RKL/vEw==",
      "dev": true,
      "license": "MIT",
      "engines": {
        "node": ">=0.10.0"
      }
    },
    "node_modules/safer-buffer": {
      "version": "2.1.2",
      "resolved": "https://registry.npmjs.org/safer-buffer/-/safer-buffer-2.1.2.tgz",
      "integrity": "sha512-YZo3K82SD7Riyi0E1EQPojLz7kpepnSQI9IyPbHHg1XXXevb5dJI7tpyN2ADxGcQbHG7vcyRHk0cbwqcQriUtg==",
      "dev": true,
      "license": "MIT"
    },
    "node_modules/scheduler": {
      "version": "0.28.0",
      "resolved": "https://registry.npmjs.org/scheduler/-/scheduler-0.28.0.tgz",
      "integrity": "sha512-juorfCmIkIw8tT+p5BXSm6PJjQF/ycEYmKyzURCIt/RaZIhL+PulbQ9Yu2z1HdOJDdqDTlxA1+xKBmHXJsczAw==",
      "license": "MIT"
    },
    "node_modules/schema-utils": {
      "version": "4.3.0",
      "resolved": "https://registry.npmjs.org/schema-utils/-/schema-utils-4.3.0.tgz",
      "integrity": "sha512-Gf9qqc58SpCA/xdziiHz35F4GNIWYWZrEshUc/G/r5BnLph6xpKuLeoJoQuj5WfBIx/eQLf+hmVPYHaxJu7V2g==",
      "dev": true,
      "license": "MIT",
      "dependencies": {
        "@types/json-schema": "^7.0.9",
        "ajv": "^8.9.0",
        "ajv-formats": "^2.1.1",
        "ajv-keywords": "^5.1.0"
      },
      "engines": {
        "node": ">= 10.13.0"
      },
      "funding": {
        "type": "opencollective",
        "url": "https://opencollective.com/webpack"
      }
    },
    "node_modules/tapable": {
      "version": "2.3.0",
      "resolved": "https://registry.npmjs.org/tapable/-/tapable-2.3.0.tgz",
      "integrity": "sha512-g9ljZiwki/LfxmQADO3dEY1CbpmXT5Hm2fJ+QaGKwSXUylMybePR7/67YW7jOrrvjEgL1Fmz5kzyAjWVWLlucg==",
      "dev": true,
      "license": "MIT",
      "engines": {
        "node": ">=6"
      },
      "funding": {
        "type": "opencollective",
        "url": "https://opencollective.com/webpack"
      }
    },
    "node_modules/tr46": {
      "version": "0.0.3",
      "resolved": "https://registry.npmjs.org/tr46/-/tr46-0.0.3.tgz",
      "integrity": "sha512-N3WMsuqV66lT30CrXNbEjx4GEwlow3v6rr4mCcv6prnfwhS01rkgyFdjPNBYd9br7LpXV1+Emh01fHnq2Gdgrw==",
      "dev": true,
      "license": "MIT"
    },
    "node_modules/tslib": {
      "version": "2.8.1",
      "resolved": "https://registry.npmjs.org/tslib/-/tslib-2.8.1.tgz",
      "integrity": "sha512-oJFu94HQb+KVduSUQL7wnpmqnfmLsOA/nAh6b6EH0wCEoK0/mPeXU6c3wKDV83MkOuHPRHtSXKKU99IBazS/2w==",
      "dev": true,
      "license": "0BSD"
    },
    "node_modules/typescript": {
      "version": "5.9.3",
      "resolved": "https://registry.npmjs.org/typescript/-/typescript-5.9.3.tgz",
      "integrity": "sha512-jl1vZzPDinLr9eUt3J/t7V6FgNEw9QjvBPdysz9KfQDD41fQrC2Y4vKQdiaUpFT4bXlb1RHhLpp8wtm6M5TgSw==",
      "dev": true,
      "license": "Apache-2.0",
      "bin": {
        "tsc": "bin/tsc",
        "tsserver": "bin/tsserver"
      },
      "engines": {
        "node": ">=14.17"
      }
    },
    "node_modules/undici": {
      "version": "7.29.0",
      "resolved": "https://registry.npmjs.org/undici/-/undici-7.29.0.tgz",
      "integrity": "sha512-IDxfleLmmbSskfWSUATiN1nfn2rDuvnMOqb5CWR92iIfojA0Ud+ulOAAEQ57LPr9rWmsreUyf5lwyao+7GNNVw==",
      "dev": true,
      "license": "MIT",
      "engines": {
        "node": ">=20.18.1"
      }
    },
    "node_modules/webidl-conversions": {
      "version": "3.0.1",
      "resolved": "https://registry.npmjs.org/webidl-conversions/-/webidl-conversions-3.0.1.tgz",
      "integrity": "sha512-2JAn3z8AR6rjK8Sm8orRC0h/bcl/DqL7tRPdGZ4I1CjdF+EaMLmYxBHyXuKL849eucPFhvBoxMsflfOb8kxaeQ==",
      "dev": true,
      "license": "BSD-2-Clause"
    },
    "node_modules/whatwg-url": {
      "version": "5.0.0",
      "resolved": "https://registry.npmjs.org/whatwg-url/-/whatwg-url-5.0.0.tgz",
      "integrity": "sha512-saE57nupxk6v3HY35+jzBwYa0rKSy0XR8JSxZPwgLr7ys0IBzhGviA1/TUGJLmSVqs8pb9AnvICXEuOHLprYTw==",
      "dev": true,
      "license": "MIT",
      "dependencies": {
        "tr46": "~0.0.3",
        "webidl-conversions": "^3.0.0"
      }
    },
    "node_modules/ws": {
      "version": "8.21.3",
      "resolved": "https://registry.npmjs.org/ws/-/ws-8.21.3.tgz",
      "integrity": "sha512-201TZ/kPWxoPr/OKWjquZR1SWKXcvxdH+e1xrx89b3YbmzLMFCLfnaG1HFIgWzJOEWZ7MvpK++odZufgYR50Rw==",
      "dev": true,
      "license": "MIT",
      "engines": {
        "node": ">=10.0.0"
      },
      "peerDependencies": {
        "bufferutil": "^4.0.1",
        "utf-8-validate": ">=5.0.2"
      },
      "peerDependenciesMeta": {
        "bufferutil": {
          "optional": true
        },
        "utf-8-validate": {
          "optional": true
        }
      }
    }
  }
}
